
Microsoft Visual Studio Solution File, Format Version 12.00
# Visual Studio Version 17
VisualStudioVersion = 17.4.33122.133
MinimumVisualStudioVersion = 10.0.40219.1
Project("{9A19103F-16F7-4668-BE54-9A1E7A4F7556}") = "NexusMods.StandardGameLocators", "src\NexusMods.StandardGameLocators\NexusMods.StandardGameLocators.csproj", "{BB552259-24B0-4166-8A67-5649CE42BE83}"
EndProject
Project("{9A19103F-16F7-4668-BE54-9A1E7A4F7556}") = "NexusMods.StandardGameLocators.Tests", "tests\NexusMods.StandardGameLocators.Tests\NexusMods.StandardGameLocators.Tests.csproj", "{4FD95FB7-BD1D-4D79-90F8-9980DE5D6C28}"
EndProject
Project("{9A19103F-16F7-4668-BE54-9A1E7A4F7556}") = "NexusMods.Games.BethesdaGameStudios", "src\Games\NexusMods.Games.BethesdaGameStudios\NexusMods.Games.BethesdaGameStudios.csproj", "{5038CF21-CE33-45F0-8C6F-D06D20D604F3}"
EndProject
Project("{9A19103F-16F7-4668-BE54-9A1E7A4F7556}") = "NexusMods.Games.BethesdaGameStudios.Tests", "tests\Games\NexusMods.Games.BethesdaGameStudios.Tests\NexusMods.Games.BethesdaGameStudios.Tests.csproj", "{DC3AE1FC-8E93-4F33-B937-C51C2F7C350F}"
EndProject
Project("{9A19103F-16F7-4668-BE54-9A1E7A4F7556}") = "NexusMods.CLI", "src\NexusMods.CLI\NexusMods.CLI.csproj", "{D66C4BA1-C129-4DC1-954E-6D9E0B9CB691}"
EndProject
Project("{9A19103F-16F7-4668-BE54-9A1E7A4F7556}") = "NexusMods.App", "src\NexusMods.App\NexusMods.App.csproj", "{60CAA464-4106-4A29-81ED-3C72AFB1B0B2}"
EndProject
Project("{9A19103F-16F7-4668-BE54-9A1E7A4F7556}") = "NexusMods.CLI.Tests", "tests\NexusMods.CLI.Tests\NexusMods.CLI.Tests.csproj", "{A4B8AD2F-BCF9-4139-8F0C-36B528FDBF66}"
EndProject
Project("{9A19103F-16F7-4668-BE54-9A1E7A4F7556}") = "NexusMods.Hashing.xxHash64", "src\NexusMods.Hashing.xxHash64\NexusMods.Hashing.xxHash64.csproj", "{5515C2D5-B9DD-4A58-BB53-0BD34259347D}"
EndProject
Project("{9A19103F-16F7-4668-BE54-9A1E7A4F7556}") = "NexusMods.DataModel.RateLimiting", "src\NexusMods.DataModel.RateLimiting\NexusMods.DataModel.RateLimiting.csproj", "{B4CA4927-6FFA-422B-8E54-413ECFCD6C39}"
EndProject
Project("{9A19103F-16F7-4668-BE54-9A1E7A4F7556}") = "NexusMods.Hashing.xxHash64.Tests", "tests\NexusMods.Hashing.xxHash64.Tests\NexusMods.Hashing.xxHash64.Tests.csproj", "{8C495B2A-E2D5-49C1-BE93-B2B0A8F7BB0D}"
EndProject
Project("{9A19103F-16F7-4668-BE54-9A1E7A4F7556}") = "NexusMods.DataModel", "src\NexusMods.DataModel\NexusMods.DataModel.csproj", "{3D21A286-CADC-40CF-AF29-790DAAD4363A}"
EndProject
Project("{9A19103F-16F7-4668-BE54-9A1E7A4F7556}") = "NexusMods.DataModel.Tests", "tests\NexusMods.DataModel.Tests\NexusMods.DataModel.Tests.csproj", "{9F803B18-7365-418E-9873-414383CD820B}"
EndProject
Project("{9A19103F-16F7-4668-BE54-9A1E7A4F7556}") = "NexusMods.FileExtractor", "src\ArchiveManagement\NexusMods.FileExtractor\NexusMods.FileExtractor.csproj", "{83B2A024-0218-4F65-B75B-0102DAF38443}"
EndProject
Project("{9A19103F-16F7-4668-BE54-9A1E7A4F7556}") = "NexusMods.Common", "src\NexusMods.Common\NexusMods.Common.csproj", "{78B79659-4A68-4E92-8765-E6570916792F}"
EndProject
Project("{9A19103F-16F7-4668-BE54-9A1E7A4F7556}") = "NexusMods.FileExtractor.Tests", "tests\NexusMods.FileExtractor.Tests\NexusMods.FileExtractor.Tests.csproj", "{AB2AD95A-17AA-473B-8E1C-02ACED2F8520}"
EndProject
Project("{9A19103F-16F7-4668-BE54-9A1E7A4F7556}") = "NexusMods.DataModel.RateLimiting.Tests", "tests\NexusMods.DataModel.RateLimiting.Tests\NexusMods.DataModel.RateLimiting.Tests.csproj", "{1E5939B0-0C91-4074-94F6-A70F522B99B7}"
EndProject
Project("{9A19103F-16F7-4668-BE54-9A1E7A4F7556}") = "NexusMods.Games.DarkestDungeon", "src\Games\NexusMods.Games.DarkestDungeon\NexusMods.Games.DarkestDungeon.csproj", "{EDDDDE44-9059-4F05-83F4-D0C5D0AE2CC3}"
EndProject
Project("{9A19103F-16F7-4668-BE54-9A1E7A4F7556}") = "NexusMods.App.UI", "src\NexusMods.App.UI\NexusMods.App.UI.csproj", "{4767144A-0130-47F2-9940-5D68CCBEE241}"
EndProject
Project("{9A19103F-16F7-4668-BE54-9A1E7A4F7556}") = "NexusMods.StandardGameLocators.TestHelpers", "tests\NexusMods.StandardGameLocators.TestHelpers\NexusMods.StandardGameLocators.TestHelpers.csproj", "{846232AE-BDEA-4673-918E-A2079D4E78E0}"
EndProject
Project("{9A19103F-16F7-4668-BE54-9A1E7A4F7556}") = "NexusMods.Networking.NexusWebApi", "src\Networking\NexusMods.Networking.NexusWebApi\NexusMods.Networking.NexusWebApi.csproj", "{31ABE512-38F8-410E-A5A4-364C995413F7}"
EndProject
Project("{9A19103F-16F7-4668-BE54-9A1E7A4F7556}") = "NexusMods.Networking.HttpDownloader", "src\Networking\NexusMods.Networking.HttpDownloader\NexusMods.Networking.HttpDownloader.csproj", "{41A7AD76-4800-4B43-B314-5DD1A767CB19}"
EndProject
Project("{9A19103F-16F7-4668-BE54-9A1E7A4F7556}") = "NexusMods.Networking.HttpDownloader.Tests", "tests\Networking\NexusMods.Networking.HttpDownloader.Tests\NexusMods.Networking.HttpDownloader.Tests.csproj", "{64F63ED1-DC6D-483A-BBAA-24A0BE340043}"
EndProject
Project("{9A19103F-16F7-4668-BE54-9A1E7A4F7556}") = "NexusMods.Networking.NexusWebApi.Tests", "tests\Networking\NexusMods.Networking.NexusWebApi.Tests\NexusMods.Networking.NexusWebApi.Tests.csproj", "{1D2258DF-12C5-454D-9E30-6B2ECABD9E56}"
EndProject
Project("{9A19103F-16F7-4668-BE54-9A1E7A4F7556}") = "NexusMods.Games.RedEngine", "src\Games\NexusMods.Games.RedEngine\NexusMods.Games.RedEngine.csproj", "{A9C1152E-6253-41FB-99C6-506F1C755032}"
EndProject
Project("{9A19103F-16F7-4668-BE54-9A1E7A4F7556}") = "NexusMods.Games.RedEngine.Tests", "tests\Games\NexusMods.Games.RedEngine.Tests\NexusMods.Games.RedEngine.Tests.csproj", "{B8BA0738-FE06-4CC7-B46D-DF283871F192}"
EndProject
Project("{9A19103F-16F7-4668-BE54-9A1E7A4F7556}") = "NexusMods.Games.TestHarness", "src\Games\NexusMods.Games.TestHarness\NexusMods.Games.TestHarness.csproj", "{060613B7-92CA-418B-99CC-CA30C0D977DB}"
EndProject
Project("{9A19103F-16F7-4668-BE54-9A1E7A4F7556}") = "NexusMods.Games.Reshade", "src\Games\NexusMods.Games.Reshade\NexusMods.Games.Reshade.csproj", "{B9CDD38F-31FD-47BE-91EB-E2BFABC3860B}"
EndProject
Project("{9A19103F-16F7-4668-BE54-9A1E7A4F7556}") = "NexusMods.Games.Generic", "src\Games\NexusMods.Games.Generic\NexusMods.Games.Generic.csproj", "{7CDE7572-9471-4966-B3B3-70DF7D2D9269}"
EndProject
Project("{9A19103F-16F7-4668-BE54-9A1E7A4F7556}") = "NexusMods.Benchmarks", "benchmarks\NexusMods.Benchmarks\NexusMods.Benchmarks.csproj", "{CB61A764-B3BB-42C0-8CDB-DBE57FB80DF5}"
EndProject
Project("{9A19103F-16F7-4668-BE54-9A1E7A4F7556}") = "NexusMods.UI.Tests", "tests\NexusMods.UI.Tests\NexusMods.UI.Tests.csproj", "{643BE310-8A6C-405C-AAE5-E0A3A3298624}"
EndProject
Project("{2150E333-8FDC-42A3-9474-1A3956D46DE8}") = ".solutionItems", ".solutionItems", "{D9476FF9-B9A1-4C63-A58F-2E19BE356770}"
	ProjectSection(SolutionItems) = preProject
		.editorconfig = .editorconfig
		.gitattributes = .gitattributes
		codecov.yaml = codecov.yaml
		Directory.Build.props = Directory.Build.props
		LICENSE.md = LICENSE.md
		NuGet.Build.props = NuGet.Build.props
		README.md = README.md
		Directory.Packages.props = Directory.Packages.props
	EndProjectSection
EndProject
Project("{9A19103F-16F7-4668-BE54-9A1E7A4F7556}") = "NexusMods.Games.FOMOD", "src\Games\NexusMods.Games.FOMOD\NexusMods.Games.FOMOD.csproj", "{B43A31B2-1F08-4D8E-9C45-48015FBA983E}"
EndProject
Project("{9A19103F-16F7-4668-BE54-9A1E7A4F7556}") = "NexusMods.Games.FOMOD.Tests", "tests\Games\NexusMods.Games.FOMOD.Tests\NexusMods.Games.FOMOD.Tests.csproj", "{678D0CB7-EA46-4DF2-8C91-E77EA2270C48}"
EndProject
Project("{9A19103F-16F7-4668-BE54-9A1E7A4F7556}") = "NexusMods.Games.TestFramework", "tests\Games\NexusMods.Games.TestFramework\NexusMods.Games.TestFramework.csproj", "{F9332FAE-1B43-413B-BEA0-780694B77310}"
EndProject
Project("{9A19103F-16F7-4668-BE54-9A1E7A4F7556}") = "NexusMods.Games.Sifu", "src\Games\NexusMods.Games.Sifu\NexusMods.Games.Sifu.csproj", "{13551D04-5745-481F-A3AE-DC3CBA5FB2C6}"
EndProject
Project("{9A19103F-16F7-4668-BE54-9A1E7A4F7556}") = "NexusMods.Games.Sifu.Tests", "tests\Games\NexusMods.Games.Sifu.Tests\NexusMods.Games.Sifu.Tests.csproj", "{C51F3E32-7195-440A-A289-0D83AB668898}"
EndProject
Project("{FAE04EC0-301F-11D3-BF4B-00C04F79EFBC}") = "NexusMods.Games.DarkestDungeon.Tests", "tests\Games\NexusMods.Games.DarkestDungeon.Tests\NexusMods.Games.DarkestDungeon.Tests.csproj", "{3DBB08FF-9542-4086-890B-253572C11CFA}"
EndProject
Project("{FAE04EC0-301F-11D3-BF4B-00C04F79EFBC}") = "NexusMods.Games.StardewValley", "src\Games\NexusMods.Games.StardewValley\NexusMods.Games.StardewValley.csproj", "{E51435EE-F7F0-4B84-AE80-BBC575DCF868}"
EndProject
Project("{FAE04EC0-301F-11D3-BF4B-00C04F79EFBC}") = "NexusMods.Games.StardewValley.Tests", "tests\Games\NexusMods.Games.StardewValley.Tests\NexusMods.Games.StardewValley.Tests.csproj", "{84C18EE7-86B5-4C1B-B467-93FED213C713}"
EndProject
Project("{2150E333-8FDC-42A3-9474-1A3956D46DE8}") = "src", "src", "{E7BAE287-D505-4D6D-A090-665A64309B2D}"
	ProjectSection(SolutionItems) = preProject
		src\Directory.Build.props = src\Directory.Build.props
	EndProjectSection
EndProject
Project("{2150E333-8FDC-42A3-9474-1A3956D46DE8}") = "tests", "tests", "{52AF9D62-7D5B-4AD0-BA12-86F2AA67428B}"
	ProjectSection(SolutionItems) = preProject
		tests\Directory.Build.props = tests\Directory.Build.props
	EndProjectSection
EndProject
Project("{2150E333-8FDC-42A3-9474-1A3956D46DE8}") = "Networking", "Networking", "{897C4198-884F-448A-B0B0-C2A6D971EAE0}"
EndProject
Project("{2150E333-8FDC-42A3-9474-1A3956D46DE8}") = "Games", "Games", "{05B06AC1-7F2B-492F-983E-5BC63CDBF20D}"
EndProject
Project("{2150E333-8FDC-42A3-9474-1A3956D46DE8}") = "Games", "Games", "{70D38D24-79AE-4600-8E83-17F3C11BA81F}"
EndProject
Project("{2150E333-8FDC-42A3-9474-1A3956D46DE8}") = "Networking", "Networking", "{D7E9D8F5-8AC8-4ADA-B219-C549084AD84C}"
EndProject
Project("{2150E333-8FDC-42A3-9474-1A3956D46DE8}") = "ArchiveManagement", "ArchiveManagement", "{02A589BE-50CA-4D29-BA99-81EEA2410F8D}"
EndProject
Project("{2150E333-8FDC-42A3-9474-1A3956D46DE8}") = "benchmarks", "benchmarks", "{CF7454A5-0EBB-46E7-9A10-614380DB95D9}"
EndProject
Project("{FAE04EC0-301F-11D3-BF4B-00C04F79EFBC}") = "NexusMods.Common.Tests", "tests\NexusMods.Common.Tests\NexusMods.Common.Tests.csproj", "{FE0B804A-949E-44E7-9531-B16664ACEC01}"
EndProject
Project("{FAE04EC0-301F-11D3-BF4B-00C04F79EFBC}") = "NexusMods.Networking.NexusWebApi.NMA", "src\Networking\NexusMods.Networking.NexusWebApi.NMA\NexusMods.Networking.NexusWebApi.NMA.csproj", "{871E2565-BD95-43D1-9EC3-CAAC74D55507}"
EndProject
Project("{FAE04EC0-301F-11D3-BF4B-00C04F79EFBC}") = "NexusMods.Networking.Downloaders", "src\Networking\NexusMods.Networking.Downloaders\NexusMods.Networking.Downloaders.csproj", "{3FBDEE15-9892-40EF-9593-6353068FAF48}"
EndProject
Project("{FAE04EC0-301F-11D3-BF4B-00C04F79EFBC}") = "NexusMods.Networking.Downloaders.Tests", "tests\Networking\NexusMods.Networking.Downloaders.Tests\NexusMods.Networking.Downloaders.Tests.csproj", "{09B037AB-07BB-4154-95FD-6EA2E55C4568}"
EndProject
Project("{FAE04EC0-301F-11D3-BF4B-00C04F79EFBC}") = "NexusMods.Abstractions", "src\NexusMods.Abstractions\NexusMods.Abstractions.csproj", "{1E20E979-5F04-44FD-BE07-54B6686ECB13}"
EndProject
Project("{FAE04EC0-301F-11D3-BF4B-00C04F79EFBC}") = "NexusMods.Games.Generic.Tests", "tests\Games\NexusMods.Games.Generic.Tests\NexusMods.Games.Generic.Tests.csproj", "{AA95B93F-23AC-46D5-83B3-2E7AE4BD309C}"
EndProject
Global
	GlobalSection(SolutionConfigurationPlatforms) = preSolution
		Debug|Any CPU = Debug|Any CPU
		Release|Any CPU = Release|Any CPU
	EndGlobalSection
	GlobalSection(ProjectConfigurationPlatforms) = postSolution
		{BB552259-24B0-4166-8A67-5649CE42BE83}.Debug|Any CPU.ActiveCfg = Debug|Any CPU
		{BB552259-24B0-4166-8A67-5649CE42BE83}.Debug|Any CPU.Build.0 = Debug|Any CPU
		{BB552259-24B0-4166-8A67-5649CE42BE83}.Release|Any CPU.ActiveCfg = Release|Any CPU
		{BB552259-24B0-4166-8A67-5649CE42BE83}.Release|Any CPU.Build.0 = Release|Any CPU
		{4FD95FB7-BD1D-4D79-90F8-9980DE5D6C28}.Debug|Any CPU.ActiveCfg = Debug|Any CPU
		{4FD95FB7-BD1D-4D79-90F8-9980DE5D6C28}.Debug|Any CPU.Build.0 = Debug|Any CPU
		{4FD95FB7-BD1D-4D79-90F8-9980DE5D6C28}.Release|Any CPU.ActiveCfg = Release|Any CPU
		{4FD95FB7-BD1D-4D79-90F8-9980DE5D6C28}.Release|Any CPU.Build.0 = Release|Any CPU
		{5038CF21-CE33-45F0-8C6F-D06D20D604F3}.Debug|Any CPU.ActiveCfg = Debug|Any CPU
		{5038CF21-CE33-45F0-8C6F-D06D20D604F3}.Debug|Any CPU.Build.0 = Debug|Any CPU
		{5038CF21-CE33-45F0-8C6F-D06D20D604F3}.Release|Any CPU.ActiveCfg = Release|Any CPU
		{5038CF21-CE33-45F0-8C6F-D06D20D604F3}.Release|Any CPU.Build.0 = Release|Any CPU
		{DC3AE1FC-8E93-4F33-B937-C51C2F7C350F}.Debug|Any CPU.ActiveCfg = Debug|Any CPU
		{DC3AE1FC-8E93-4F33-B937-C51C2F7C350F}.Debug|Any CPU.Build.0 = Debug|Any CPU
		{DC3AE1FC-8E93-4F33-B937-C51C2F7C350F}.Release|Any CPU.ActiveCfg = Release|Any CPU
		{DC3AE1FC-8E93-4F33-B937-C51C2F7C350F}.Release|Any CPU.Build.0 = Release|Any CPU
		{D66C4BA1-C129-4DC1-954E-6D9E0B9CB691}.Debug|Any CPU.ActiveCfg = Debug|Any CPU
		{D66C4BA1-C129-4DC1-954E-6D9E0B9CB691}.Debug|Any CPU.Build.0 = Debug|Any CPU
		{D66C4BA1-C129-4DC1-954E-6D9E0B9CB691}.Release|Any CPU.ActiveCfg = Release|Any CPU
		{D66C4BA1-C129-4DC1-954E-6D9E0B9CB691}.Release|Any CPU.Build.0 = Release|Any CPU
		{60CAA464-4106-4A29-81ED-3C72AFB1B0B2}.Debug|Any CPU.ActiveCfg = Debug|Any CPU
		{60CAA464-4106-4A29-81ED-3C72AFB1B0B2}.Debug|Any CPU.Build.0 = Debug|Any CPU
		{60CAA464-4106-4A29-81ED-3C72AFB1B0B2}.Release|Any CPU.ActiveCfg = Release|Any CPU
		{60CAA464-4106-4A29-81ED-3C72AFB1B0B2}.Release|Any CPU.Build.0 = Release|Any CPU
		{A4B8AD2F-BCF9-4139-8F0C-36B528FDBF66}.Debug|Any CPU.ActiveCfg = Debug|Any CPU
		{A4B8AD2F-BCF9-4139-8F0C-36B528FDBF66}.Debug|Any CPU.Build.0 = Debug|Any CPU
		{A4B8AD2F-BCF9-4139-8F0C-36B528FDBF66}.Release|Any CPU.ActiveCfg = Release|Any CPU
		{A4B8AD2F-BCF9-4139-8F0C-36B528FDBF66}.Release|Any CPU.Build.0 = Release|Any CPU
		{5515C2D5-B9DD-4A58-BB53-0BD34259347D}.Debug|Any CPU.ActiveCfg = Debug|Any CPU
		{5515C2D5-B9DD-4A58-BB53-0BD34259347D}.Debug|Any CPU.Build.0 = Debug|Any CPU
		{5515C2D5-B9DD-4A58-BB53-0BD34259347D}.Release|Any CPU.ActiveCfg = Release|Any CPU
		{5515C2D5-B9DD-4A58-BB53-0BD34259347D}.Release|Any CPU.Build.0 = Release|Any CPU
		{B4CA4927-6FFA-422B-8E54-413ECFCD6C39}.Debug|Any CPU.ActiveCfg = Debug|Any CPU
		{B4CA4927-6FFA-422B-8E54-413ECFCD6C39}.Debug|Any CPU.Build.0 = Debug|Any CPU
		{B4CA4927-6FFA-422B-8E54-413ECFCD6C39}.Release|Any CPU.ActiveCfg = Release|Any CPU
		{B4CA4927-6FFA-422B-8E54-413ECFCD6C39}.Release|Any CPU.Build.0 = Release|Any CPU
		{8C495B2A-E2D5-49C1-BE93-B2B0A8F7BB0D}.Debug|Any CPU.ActiveCfg = Debug|Any CPU
		{8C495B2A-E2D5-49C1-BE93-B2B0A8F7BB0D}.Debug|Any CPU.Build.0 = Debug|Any CPU
		{8C495B2A-E2D5-49C1-BE93-B2B0A8F7BB0D}.Release|Any CPU.ActiveCfg = Release|Any CPU
		{8C495B2A-E2D5-49C1-BE93-B2B0A8F7BB0D}.Release|Any CPU.Build.0 = Release|Any CPU
		{3D21A286-CADC-40CF-AF29-790DAAD4363A}.Debug|Any CPU.ActiveCfg = Debug|Any CPU
		{3D21A286-CADC-40CF-AF29-790DAAD4363A}.Debug|Any CPU.Build.0 = Debug|Any CPU
		{3D21A286-CADC-40CF-AF29-790DAAD4363A}.Release|Any CPU.ActiveCfg = Release|Any CPU
		{3D21A286-CADC-40CF-AF29-790DAAD4363A}.Release|Any CPU.Build.0 = Release|Any CPU
		{9F803B18-7365-418E-9873-414383CD820B}.Debug|Any CPU.ActiveCfg = Debug|Any CPU
		{9F803B18-7365-418E-9873-414383CD820B}.Debug|Any CPU.Build.0 = Debug|Any CPU
		{9F803B18-7365-418E-9873-414383CD820B}.Release|Any CPU.ActiveCfg = Release|Any CPU
		{9F803B18-7365-418E-9873-414383CD820B}.Release|Any CPU.Build.0 = Release|Any CPU
		{83B2A024-0218-4F65-B75B-0102DAF38443}.Debug|Any CPU.ActiveCfg = Debug|Any CPU
		{83B2A024-0218-4F65-B75B-0102DAF38443}.Debug|Any CPU.Build.0 = Debug|Any CPU
		{83B2A024-0218-4F65-B75B-0102DAF38443}.Release|Any CPU.ActiveCfg = Release|Any CPU
		{83B2A024-0218-4F65-B75B-0102DAF38443}.Release|Any CPU.Build.0 = Release|Any CPU
		{78B79659-4A68-4E92-8765-E6570916792F}.Debug|Any CPU.ActiveCfg = Debug|Any CPU
		{78B79659-4A68-4E92-8765-E6570916792F}.Debug|Any CPU.Build.0 = Debug|Any CPU
		{78B79659-4A68-4E92-8765-E6570916792F}.Release|Any CPU.ActiveCfg = Release|Any CPU
		{78B79659-4A68-4E92-8765-E6570916792F}.Release|Any CPU.Build.0 = Release|Any CPU
		{AB2AD95A-17AA-473B-8E1C-02ACED2F8520}.Debug|Any CPU.ActiveCfg = Debug|Any CPU
		{AB2AD95A-17AA-473B-8E1C-02ACED2F8520}.Debug|Any CPU.Build.0 = Debug|Any CPU
		{AB2AD95A-17AA-473B-8E1C-02ACED2F8520}.Release|Any CPU.ActiveCfg = Release|Any CPU
		{AB2AD95A-17AA-473B-8E1C-02ACED2F8520}.Release|Any CPU.Build.0 = Release|Any CPU
		{1E5939B0-0C91-4074-94F6-A70F522B99B7}.Debug|Any CPU.ActiveCfg = Debug|Any CPU
		{1E5939B0-0C91-4074-94F6-A70F522B99B7}.Debug|Any CPU.Build.0 = Debug|Any CPU
		{1E5939B0-0C91-4074-94F6-A70F522B99B7}.Release|Any CPU.ActiveCfg = Release|Any CPU
		{1E5939B0-0C91-4074-94F6-A70F522B99B7}.Release|Any CPU.Build.0 = Release|Any CPU
		{EDDDDE44-9059-4F05-83F4-D0C5D0AE2CC3}.Debug|Any CPU.ActiveCfg = Debug|Any CPU
		{EDDDDE44-9059-4F05-83F4-D0C5D0AE2CC3}.Debug|Any CPU.Build.0 = Debug|Any CPU
		{EDDDDE44-9059-4F05-83F4-D0C5D0AE2CC3}.Release|Any CPU.ActiveCfg = Release|Any CPU
		{EDDDDE44-9059-4F05-83F4-D0C5D0AE2CC3}.Release|Any CPU.Build.0 = Release|Any CPU
		{4767144A-0130-47F2-9940-5D68CCBEE241}.Debug|Any CPU.ActiveCfg = Debug|Any CPU
		{4767144A-0130-47F2-9940-5D68CCBEE241}.Debug|Any CPU.Build.0 = Debug|Any CPU
		{4767144A-0130-47F2-9940-5D68CCBEE241}.Release|Any CPU.ActiveCfg = Release|Any CPU
		{4767144A-0130-47F2-9940-5D68CCBEE241}.Release|Any CPU.Build.0 = Release|Any CPU
		{846232AE-BDEA-4673-918E-A2079D4E78E0}.Debug|Any CPU.ActiveCfg = Debug|Any CPU
		{846232AE-BDEA-4673-918E-A2079D4E78E0}.Debug|Any CPU.Build.0 = Debug|Any CPU
		{846232AE-BDEA-4673-918E-A2079D4E78E0}.Release|Any CPU.ActiveCfg = Release|Any CPU
		{846232AE-BDEA-4673-918E-A2079D4E78E0}.Release|Any CPU.Build.0 = Release|Any CPU
		{31ABE512-38F8-410E-A5A4-364C995413F7}.Debug|Any CPU.ActiveCfg = Debug|Any CPU
		{31ABE512-38F8-410E-A5A4-364C995413F7}.Debug|Any CPU.Build.0 = Debug|Any CPU
		{31ABE512-38F8-410E-A5A4-364C995413F7}.Release|Any CPU.ActiveCfg = Release|Any CPU
		{31ABE512-38F8-410E-A5A4-364C995413F7}.Release|Any CPU.Build.0 = Release|Any CPU
		{41A7AD76-4800-4B43-B314-5DD1A767CB19}.Debug|Any CPU.ActiveCfg = Debug|Any CPU
		{41A7AD76-4800-4B43-B314-5DD1A767CB19}.Debug|Any CPU.Build.0 = Debug|Any CPU
		{41A7AD76-4800-4B43-B314-5DD1A767CB19}.Release|Any CPU.ActiveCfg = Release|Any CPU
		{41A7AD76-4800-4B43-B314-5DD1A767CB19}.Release|Any CPU.Build.0 = Release|Any CPU
		{64F63ED1-DC6D-483A-BBAA-24A0BE340043}.Debug|Any CPU.ActiveCfg = Debug|Any CPU
		{64F63ED1-DC6D-483A-BBAA-24A0BE340043}.Debug|Any CPU.Build.0 = Debug|Any CPU
		{64F63ED1-DC6D-483A-BBAA-24A0BE340043}.Release|Any CPU.ActiveCfg = Release|Any CPU
		{64F63ED1-DC6D-483A-BBAA-24A0BE340043}.Release|Any CPU.Build.0 = Release|Any CPU
		{1D2258DF-12C5-454D-9E30-6B2ECABD9E56}.Debug|Any CPU.ActiveCfg = Debug|Any CPU
		{1D2258DF-12C5-454D-9E30-6B2ECABD9E56}.Debug|Any CPU.Build.0 = Debug|Any CPU
		{1D2258DF-12C5-454D-9E30-6B2ECABD9E56}.Release|Any CPU.ActiveCfg = Release|Any CPU
		{1D2258DF-12C5-454D-9E30-6B2ECABD9E56}.Release|Any CPU.Build.0 = Release|Any CPU
		{A9C1152E-6253-41FB-99C6-506F1C755032}.Debug|Any CPU.ActiveCfg = Debug|Any CPU
		{A9C1152E-6253-41FB-99C6-506F1C755032}.Debug|Any CPU.Build.0 = Debug|Any CPU
		{A9C1152E-6253-41FB-99C6-506F1C755032}.Release|Any CPU.ActiveCfg = Release|Any CPU
		{A9C1152E-6253-41FB-99C6-506F1C755032}.Release|Any CPU.Build.0 = Release|Any CPU
		{B8BA0738-FE06-4CC7-B46D-DF283871F192}.Debug|Any CPU.ActiveCfg = Debug|Any CPU
		{B8BA0738-FE06-4CC7-B46D-DF283871F192}.Debug|Any CPU.Build.0 = Debug|Any CPU
		{B8BA0738-FE06-4CC7-B46D-DF283871F192}.Release|Any CPU.ActiveCfg = Release|Any CPU
		{B8BA0738-FE06-4CC7-B46D-DF283871F192}.Release|Any CPU.Build.0 = Release|Any CPU
		{060613B7-92CA-418B-99CC-CA30C0D977DB}.Debug|Any CPU.ActiveCfg = Debug|Any CPU
		{060613B7-92CA-418B-99CC-CA30C0D977DB}.Debug|Any CPU.Build.0 = Debug|Any CPU
		{060613B7-92CA-418B-99CC-CA30C0D977DB}.Release|Any CPU.ActiveCfg = Release|Any CPU
		{060613B7-92CA-418B-99CC-CA30C0D977DB}.Release|Any CPU.Build.0 = Release|Any CPU
		{B9CDD38F-31FD-47BE-91EB-E2BFABC3860B}.Debug|Any CPU.ActiveCfg = Debug|Any CPU
		{B9CDD38F-31FD-47BE-91EB-E2BFABC3860B}.Debug|Any CPU.Build.0 = Debug|Any CPU
		{B9CDD38F-31FD-47BE-91EB-E2BFABC3860B}.Release|Any CPU.ActiveCfg = Release|Any CPU
		{B9CDD38F-31FD-47BE-91EB-E2BFABC3860B}.Release|Any CPU.Build.0 = Release|Any CPU
		{7CDE7572-9471-4966-B3B3-70DF7D2D9269}.Debug|Any CPU.ActiveCfg = Debug|Any CPU
		{7CDE7572-9471-4966-B3B3-70DF7D2D9269}.Debug|Any CPU.Build.0 = Debug|Any CPU
		{7CDE7572-9471-4966-B3B3-70DF7D2D9269}.Release|Any CPU.ActiveCfg = Release|Any CPU
		{7CDE7572-9471-4966-B3B3-70DF7D2D9269}.Release|Any CPU.Build.0 = Release|Any CPU
		{CB61A764-B3BB-42C0-8CDB-DBE57FB80DF5}.Debug|Any CPU.ActiveCfg = Debug|Any CPU
		{CB61A764-B3BB-42C0-8CDB-DBE57FB80DF5}.Debug|Any CPU.Build.0 = Debug|Any CPU
		{CB61A764-B3BB-42C0-8CDB-DBE57FB80DF5}.Release|Any CPU.ActiveCfg = Release|Any CPU
		{CB61A764-B3BB-42C0-8CDB-DBE57FB80DF5}.Release|Any CPU.Build.0 = Release|Any CPU
		{643BE310-8A6C-405C-AAE5-E0A3A3298624}.Debug|Any CPU.ActiveCfg = Debug|Any CPU
		{643BE310-8A6C-405C-AAE5-E0A3A3298624}.Debug|Any CPU.Build.0 = Debug|Any CPU
		{643BE310-8A6C-405C-AAE5-E0A3A3298624}.Release|Any CPU.ActiveCfg = Release|Any CPU
		{643BE310-8A6C-405C-AAE5-E0A3A3298624}.Release|Any CPU.Build.0 = Release|Any CPU
		{B43A31B2-1F08-4D8E-9C45-48015FBA983E}.Debug|Any CPU.ActiveCfg = Debug|Any CPU
		{B43A31B2-1F08-4D8E-9C45-48015FBA983E}.Debug|Any CPU.Build.0 = Debug|Any CPU
		{B43A31B2-1F08-4D8E-9C45-48015FBA983E}.Release|Any CPU.ActiveCfg = Release|Any CPU
		{B43A31B2-1F08-4D8E-9C45-48015FBA983E}.Release|Any CPU.Build.0 = Release|Any CPU
		{678D0CB7-EA46-4DF2-8C91-E77EA2270C48}.Debug|Any CPU.ActiveCfg = Debug|Any CPU
		{678D0CB7-EA46-4DF2-8C91-E77EA2270C48}.Debug|Any CPU.Build.0 = Debug|Any CPU
		{678D0CB7-EA46-4DF2-8C91-E77EA2270C48}.Release|Any CPU.ActiveCfg = Release|Any CPU
		{678D0CB7-EA46-4DF2-8C91-E77EA2270C48}.Release|Any CPU.Build.0 = Release|Any CPU
		{F9332FAE-1B43-413B-BEA0-780694B77310}.Debug|Any CPU.ActiveCfg = Debug|Any CPU
		{F9332FAE-1B43-413B-BEA0-780694B77310}.Debug|Any CPU.Build.0 = Debug|Any CPU
		{F9332FAE-1B43-413B-BEA0-780694B77310}.Release|Any CPU.ActiveCfg = Release|Any CPU
		{F9332FAE-1B43-413B-BEA0-780694B77310}.Release|Any CPU.Build.0 = Release|Any CPU
		{3DBB08FF-9542-4086-890B-253572C11CFA}.Debug|Any CPU.ActiveCfg = Debug|Any CPU
		{3DBB08FF-9542-4086-890B-253572C11CFA}.Debug|Any CPU.Build.0 = Debug|Any CPU
		{3DBB08FF-9542-4086-890B-253572C11CFA}.Release|Any CPU.ActiveCfg = Release|Any CPU
		{3DBB08FF-9542-4086-890B-253572C11CFA}.Release|Any CPU.Build.0 = Release|Any CPU
		{13551D04-5745-481F-A3AE-DC3CBA5FB2C6}.Debug|Any CPU.ActiveCfg = Debug|Any CPU
		{13551D04-5745-481F-A3AE-DC3CBA5FB2C6}.Debug|Any CPU.Build.0 = Debug|Any CPU
		{13551D04-5745-481F-A3AE-DC3CBA5FB2C6}.Release|Any CPU.ActiveCfg = Release|Any CPU
		{13551D04-5745-481F-A3AE-DC3CBA5FB2C6}.Release|Any CPU.Build.0 = Release|Any CPU
		{C51F3E32-7195-440A-A289-0D83AB668898}.Debug|Any CPU.ActiveCfg = Debug|Any CPU
		{C51F3E32-7195-440A-A289-0D83AB668898}.Debug|Any CPU.Build.0 = Debug|Any CPU
		{C51F3E32-7195-440A-A289-0D83AB668898}.Release|Any CPU.ActiveCfg = Release|Any CPU
		{C51F3E32-7195-440A-A289-0D83AB668898}.Release|Any CPU.Build.0 = Release|Any CPU
		{E51435EE-F7F0-4B84-AE80-BBC575DCF868}.Debug|Any CPU.ActiveCfg = Debug|Any CPU
		{E51435EE-F7F0-4B84-AE80-BBC575DCF868}.Debug|Any CPU.Build.0 = Debug|Any CPU
		{E51435EE-F7F0-4B84-AE80-BBC575DCF868}.Release|Any CPU.ActiveCfg = Release|Any CPU
		{E51435EE-F7F0-4B84-AE80-BBC575DCF868}.Release|Any CPU.Build.0 = Release|Any CPU
		{84C18EE7-86B5-4C1B-B467-93FED213C713}.Debug|Any CPU.ActiveCfg = Debug|Any CPU
		{84C18EE7-86B5-4C1B-B467-93FED213C713}.Debug|Any CPU.Build.0 = Debug|Any CPU
		{84C18EE7-86B5-4C1B-B467-93FED213C713}.Release|Any CPU.ActiveCfg = Release|Any CPU
		{84C18EE7-86B5-4C1B-B467-93FED213C713}.Release|Any CPU.Build.0 = Release|Any CPU
		{FE0B804A-949E-44E7-9531-B16664ACEC01}.Debug|Any CPU.ActiveCfg = Debug|Any CPU
		{FE0B804A-949E-44E7-9531-B16664ACEC01}.Debug|Any CPU.Build.0 = Debug|Any CPU
		{FE0B804A-949E-44E7-9531-B16664ACEC01}.Release|Any CPU.ActiveCfg = Release|Any CPU
		{FE0B804A-949E-44E7-9531-B16664ACEC01}.Release|Any CPU.Build.0 = Release|Any CPU
		{871E2565-BD95-43D1-9EC3-CAAC74D55507}.Debug|Any CPU.ActiveCfg = Debug|Any CPU
		{871E2565-BD95-43D1-9EC3-CAAC74D55507}.Debug|Any CPU.Build.0 = Debug|Any CPU
		{871E2565-BD95-43D1-9EC3-CAAC74D55507}.Release|Any CPU.ActiveCfg = Release|Any CPU
		{871E2565-BD95-43D1-9EC3-CAAC74D55507}.Release|Any CPU.Build.0 = Release|Any CPU
		{3FBDEE15-9892-40EF-9593-6353068FAF48}.Debug|Any CPU.ActiveCfg = Debug|Any CPU
		{3FBDEE15-9892-40EF-9593-6353068FAF48}.Debug|Any CPU.Build.0 = Debug|Any CPU
		{3FBDEE15-9892-40EF-9593-6353068FAF48}.Release|Any CPU.ActiveCfg = Release|Any CPU
		{3FBDEE15-9892-40EF-9593-6353068FAF48}.Release|Any CPU.Build.0 = Release|Any CPU
		{09B037AB-07BB-4154-95FD-6EA2E55C4568}.Debug|Any CPU.ActiveCfg = Debug|Any CPU
		{09B037AB-07BB-4154-95FD-6EA2E55C4568}.Debug|Any CPU.Build.0 = Debug|Any CPU
		{09B037AB-07BB-4154-95FD-6EA2E55C4568}.Release|Any CPU.ActiveCfg = Release|Any CPU
		{09B037AB-07BB-4154-95FD-6EA2E55C4568}.Release|Any CPU.Build.0 = Release|Any CPU
		{1E20E979-5F04-44FD-BE07-54B6686ECB13}.Debug|Any CPU.ActiveCfg = Debug|Any CPU
		{1E20E979-5F04-44FD-BE07-54B6686ECB13}.Debug|Any CPU.Build.0 = Debug|Any CPU
		{1E20E979-5F04-44FD-BE07-54B6686ECB13}.Release|Any CPU.ActiveCfg = Release|Any CPU
		{1E20E979-5F04-44FD-BE07-54B6686ECB13}.Release|Any CPU.Build.0 = Release|Any CPU
		{AA95B93F-23AC-46D5-83B3-2E7AE4BD309C}.Debug|Any CPU.ActiveCfg = Debug|Any CPU
		{AA95B93F-23AC-46D5-83B3-2E7AE4BD309C}.Debug|Any CPU.Build.0 = Debug|Any CPU
		{AA95B93F-23AC-46D5-83B3-2E7AE4BD309C}.Release|Any CPU.ActiveCfg = Release|Any CPU
		{AA95B93F-23AC-46D5-83B3-2E7AE4BD309C}.Release|Any CPU.Build.0 = Release|Any CPU
	EndGlobalSection
	GlobalSection(SolutionProperties) = preSolution
		HideSolutionNode = FALSE
	EndGlobalSection
	GlobalSection(NestedProjects) = preSolution
		{60CAA464-4106-4A29-81ED-3C72AFB1B0B2} = {E7BAE287-D505-4D6D-A090-665A64309B2D}
		{4767144A-0130-47F2-9940-5D68CCBEE241} = {E7BAE287-D505-4D6D-A090-665A64309B2D}
		{D66C4BA1-C129-4DC1-954E-6D9E0B9CB691} = {E7BAE287-D505-4D6D-A090-665A64309B2D}
		{78B79659-4A68-4E92-8765-E6570916792F} = {E7BAE287-D505-4D6D-A090-665A64309B2D}
		{3D21A286-CADC-40CF-AF29-790DAAD4363A} = {E7BAE287-D505-4D6D-A090-665A64309B2D}
		{B4CA4927-6FFA-422B-8E54-413ECFCD6C39} = {E7BAE287-D505-4D6D-A090-665A64309B2D}
		{5515C2D5-B9DD-4A58-BB53-0BD34259347D} = {E7BAE287-D505-4D6D-A090-665A64309B2D}
		{BB552259-24B0-4166-8A67-5649CE42BE83} = {E7BAE287-D505-4D6D-A090-665A64309B2D}
		{A4B8AD2F-BCF9-4139-8F0C-36B528FDBF66} = {52AF9D62-7D5B-4AD0-BA12-86F2AA67428B}
		{643BE310-8A6C-405C-AAE5-E0A3A3298624} = {52AF9D62-7D5B-4AD0-BA12-86F2AA67428B}
		{4FD95FB7-BD1D-4D79-90F8-9980DE5D6C28} = {52AF9D62-7D5B-4AD0-BA12-86F2AA67428B}
		{846232AE-BDEA-4673-918E-A2079D4E78E0} = {52AF9D62-7D5B-4AD0-BA12-86F2AA67428B}
		{1E5939B0-0C91-4074-94F6-A70F522B99B7} = {52AF9D62-7D5B-4AD0-BA12-86F2AA67428B}
		{9F803B18-7365-418E-9873-414383CD820B} = {52AF9D62-7D5B-4AD0-BA12-86F2AA67428B}
		{8C495B2A-E2D5-49C1-BE93-B2B0A8F7BB0D} = {52AF9D62-7D5B-4AD0-BA12-86F2AA67428B}
		{AB2AD95A-17AA-473B-8E1C-02ACED2F8520} = {52AF9D62-7D5B-4AD0-BA12-86F2AA67428B}
		{897C4198-884F-448A-B0B0-C2A6D971EAE0} = {52AF9D62-7D5B-4AD0-BA12-86F2AA67428B}
		{64F63ED1-DC6D-483A-BBAA-24A0BE340043} = {897C4198-884F-448A-B0B0-C2A6D971EAE0}
		{1D2258DF-12C5-454D-9E30-6B2ECABD9E56} = {897C4198-884F-448A-B0B0-C2A6D971EAE0}
		{05B06AC1-7F2B-492F-983E-5BC63CDBF20D} = {52AF9D62-7D5B-4AD0-BA12-86F2AA67428B}
		{70D38D24-79AE-4600-8E83-17F3C11BA81F} = {E7BAE287-D505-4D6D-A090-665A64309B2D}
		{D7E9D8F5-8AC8-4ADA-B219-C549084AD84C} = {E7BAE287-D505-4D6D-A090-665A64309B2D}
		{41A7AD76-4800-4B43-B314-5DD1A767CB19} = {D7E9D8F5-8AC8-4ADA-B219-C549084AD84C}
		{31ABE512-38F8-410E-A5A4-364C995413F7} = {D7E9D8F5-8AC8-4ADA-B219-C549084AD84C}
		{5038CF21-CE33-45F0-8C6F-D06D20D604F3} = {70D38D24-79AE-4600-8E83-17F3C11BA81F}
		{EDDDDE44-9059-4F05-83F4-D0C5D0AE2CC3} = {70D38D24-79AE-4600-8E83-17F3C11BA81F}
		{B43A31B2-1F08-4D8E-9C45-48015FBA983E} = {70D38D24-79AE-4600-8E83-17F3C11BA81F}
		{A9C1152E-6253-41FB-99C6-506F1C755032} = {70D38D24-79AE-4600-8E83-17F3C11BA81F}
		{B9CDD38F-31FD-47BE-91EB-E2BFABC3860B} = {70D38D24-79AE-4600-8E83-17F3C11BA81F}
		{13551D04-5745-481F-A3AE-DC3CBA5FB2C6} = {70D38D24-79AE-4600-8E83-17F3C11BA81F}
		{E51435EE-F7F0-4B84-AE80-BBC575DCF868} = {70D38D24-79AE-4600-8E83-17F3C11BA81F}
		{DC3AE1FC-8E93-4F33-B937-C51C2F7C350F} = {05B06AC1-7F2B-492F-983E-5BC63CDBF20D}
		{3DBB08FF-9542-4086-890B-253572C11CFA} = {05B06AC1-7F2B-492F-983E-5BC63CDBF20D}
		{678D0CB7-EA46-4DF2-8C91-E77EA2270C48} = {05B06AC1-7F2B-492F-983E-5BC63CDBF20D}
		{B8BA0738-FE06-4CC7-B46D-DF283871F192} = {05B06AC1-7F2B-492F-983E-5BC63CDBF20D}
		{C51F3E32-7195-440A-A289-0D83AB668898} = {05B06AC1-7F2B-492F-983E-5BC63CDBF20D}
		{84C18EE7-86B5-4C1B-B467-93FED213C713} = {05B06AC1-7F2B-492F-983E-5BC63CDBF20D}
		{F9332FAE-1B43-413B-BEA0-780694B77310} = {05B06AC1-7F2B-492F-983E-5BC63CDBF20D}
		{7CDE7572-9471-4966-B3B3-70DF7D2D9269} = {70D38D24-79AE-4600-8E83-17F3C11BA81F}
		{060613B7-92CA-418B-99CC-CA30C0D977DB} = {70D38D24-79AE-4600-8E83-17F3C11BA81F}
		{02A589BE-50CA-4D29-BA99-81EEA2410F8D} = {E7BAE287-D505-4D6D-A090-665A64309B2D}
		{83B2A024-0218-4F65-B75B-0102DAF38443} = {02A589BE-50CA-4D29-BA99-81EEA2410F8D}
		{CB61A764-B3BB-42C0-8CDB-DBE57FB80DF5} = {CF7454A5-0EBB-46E7-9A10-614380DB95D9}
		{FE0B804A-949E-44E7-9531-B16664ACEC01} = {52AF9D62-7D5B-4AD0-BA12-86F2AA67428B}
		{871E2565-BD95-43D1-9EC3-CAAC74D55507} = {D7E9D8F5-8AC8-4ADA-B219-C549084AD84C}
		{3FBDEE15-9892-40EF-9593-6353068FAF48} = {D7E9D8F5-8AC8-4ADA-B219-C549084AD84C}
		{09B037AB-07BB-4154-95FD-6EA2E55C4568} = {897C4198-884F-448A-B0B0-C2A6D971EAE0}
		{1E20E979-5F04-44FD-BE07-54B6686ECB13} = {E7BAE287-D505-4D6D-A090-665A64309B2D}
		{AA95B93F-23AC-46D5-83B3-2E7AE4BD309C} = {05B06AC1-7F2B-492F-983E-5BC63CDBF20D}
	EndGlobalSection
	GlobalSection(ExtensibilityGlobals) = postSolution
		SolutionGuid = {9F9F8352-34DD-42C0-8564-EE9AF34A3501}
	EndGlobalSection
EndGlobal
