
Microsoft Visual Studio Solution File, Format Version 12.00
Project("{2150E333-8FDC-42A3-9474-1A3956D46DE8}") = "Paths", "Paths", "{B93AF89E-9ED7-4FD0-B58E-688AA178AB53}"
EndProject
Project("{FAE04EC0-301F-11D3-BF4B-00C04F79EFBC}") = "NexusMods.Paths", "src\NexusMods.Paths\NexusMods.Paths.csproj", "{9025900A-5342-4EB3-97C8-A9F067929879}"
EndProject
Project("{FAE04EC0-301F-11D3-BF4B-00C04F79EFBC}") = "NexusMods.Paths.Tests", "tests\NexusMods.Paths.Tests\NexusMods.Paths.Tests.csproj", "{1636CC83-8738-46ED-A688-D6AC2A55FEB5}"
EndProject
Project("{2150E333-8FDC-42A3-9474-1A3956D46DE8}") = "Game Locators", "Game Locators", "{954D1870-EE4B-4EC3-84AC-292C300461F0}"
EndProject
Project("{FAE04EC0-301F-11D3-BF4B-00C04F79EFBC}") = "NexusMods.StandardGameLocators", "src\NexusMods.StandardGameLocators\NexusMods.StandardGameLocators.csproj", "{BB552259-24B0-4166-8A67-5649CE42BE83}"
EndProject
Project("{FAE04EC0-301F-11D3-BF4B-00C04F79EFBC}") = "NexusMods.StandardGameLocators.Tests", "tests\NexusMods.StandardGameLocators.Tests\NexusMods.StandardGameLocators.Tests.csproj", "{4FD95FB7-BD1D-4D79-90F8-9980DE5D6C28}"
EndProject
Project("{2150E333-8FDC-42A3-9474-1A3956D46DE8}") = "Games", "Games", "{B95A2142-2872-4FFD-BAB2-596373401461}"
EndProject
Project("{FAE04EC0-301F-11D3-BF4B-00C04F79EFBC}") = "NexusMods.Games.BethesdaGameStudios", "src\Games\NexusMods.Games.BethesdaGameStudios\NexusMods.Games.BethesdaGameStudios.csproj", "{5038CF21-CE33-45F0-8C6F-D06D20D604F3}"
EndProject
Project("{FAE04EC0-301F-11D3-BF4B-00C04F79EFBC}") = "NexusMods.Games.BethesdaGameStudios.Tests", "tests\Games\NexusMods.Games.BethesdaGameStudios.Tests\NexusMods.Games.BethesdaGameStudios.Tests.csproj", "{DC3AE1FC-8E93-4F33-B937-C51C2F7C350F}"
EndProject
Project("{FAE04EC0-301F-11D3-BF4B-00C04F79EFBC}") = "NexusMods.CLI", "src\NexusMods.CLI\NexusMods.CLI.csproj", "{D66C4BA1-C129-4DC1-954E-6D9E0B9CB691}"
EndProject
Project("{FAE04EC0-301F-11D3-BF4B-00C04F79EFBC}") = "NexusMods.App", "src\NexusMods.App\NexusMods.App.csproj", "{60CAA464-4106-4A29-81ED-3C72AFB1B0B2}"
EndProject
Project("{FAE04EC0-301F-11D3-BF4B-00C04F79EFBC}") = "NexusMods.CLI.Tests", "tests\NexusMods.CLI.Tests\NexusMods.CLI.Tests.csproj", "{A4B8AD2F-BCF9-4139-8F0C-36B528FDBF66}"
EndProject
Project("{FAE04EC0-301F-11D3-BF4B-00C04F79EFBC}") = "NexusMods.Hashing.xxHash64", "src\NexusMods.Hashing.xxHash64\NexusMods.Hashing.xxHash64.csproj", "{5515C2D5-B9DD-4A58-BB53-0BD34259347D}"
EndProject
Project("{FAE04EC0-301F-11D3-BF4B-00C04F79EFBC}") = "NexusMods.DataModel.RateLimiting", "src\NexusMods.DataModel.RateLimiting\NexusMods.DataModel.RateLimiting.csproj", "{B4CA4927-6FFA-422B-8E54-413ECFCD6C39}"
EndProject
Project("{FAE04EC0-301F-11D3-BF4B-00C04F79EFBC}") = "NexusMods.Hashing.xxHash64.Tests", "tests\NexusMods.Hashing.xxHash64.Tests\NexusMods.Hashing.xxHash64.Tests.csproj", "{8C495B2A-E2D5-49C1-BE93-B2B0A8F7BB0D}"
EndProject
Project("{FAE04EC0-301F-11D3-BF4B-00C04F79EFBC}") = "NexusMods.DataModel", "src\NexusMods.DataModel\NexusMods.DataModel.csproj", "{3D21A286-CADC-40CF-AF29-790DAAD4363A}"
EndProject
Project("{FAE04EC0-301F-11D3-BF4B-00C04F79EFBC}") = "NexusMods.DataModel.Tests", "tests\NexusMods.DataModel.Tests\NexusMods.DataModel.Tests.csproj", "{9F803B18-7365-418E-9873-414383CD820B}"
EndProject
Project("{2150E333-8FDC-42A3-9474-1A3956D46DE8}") = "Data Model", "Data Model", "{0D0CB8DD-34FE-42C0-9B53-4E27330F63D1}"
EndProject
Project("{2150E333-8FDC-42A3-9474-1A3956D46DE8}") = "Archive Management", "Archive Management", "{35108C59-903B-4DE2-8EB7-38797FB43716}"
EndProject
Project("{FAE04EC0-301F-11D3-BF4B-00C04F79EFBC}") = "NexusMods.FileExtractor", "src\ArchiveManagement\NexusMods.FileExtractor\NexusMods.FileExtractor.csproj", "{83B2A024-0218-4F65-B75B-0102DAF38443}"
EndProject
Project("{FAE04EC0-301F-11D3-BF4B-00C04F79EFBC}") = "NexusMods.IO.Async", "src\NexusMods.IO.Async\NexusMods.IO.Async.csproj", "{0D787AA6-2431-40D3-AB64-20B81DC137DB}"
EndProject
Project("{FAE04EC0-301F-11D3-BF4B-00C04F79EFBC}") = "NexusMods.Common", "src\NexusMods.Common\NexusMods.Common.csproj", "{78B79659-4A68-4E92-8765-E6570916792F}"
EndProject
Project("{FAE04EC0-301F-11D3-BF4B-00C04F79EFBC}") = "NexusMods.FileExtractor.Tests", "tests\NexusMods.FileExtractor.Tests\NexusMods.FileExtractor.Tests.csproj", "{AB2AD95A-17AA-473B-8E1C-02ACED2F8520}"
EndProject
Project("{FAE04EC0-301F-11D3-BF4B-00C04F79EFBC}") = "NexusMods.DataModel.RateLimiting.Tests", "tests\NexusMods.DataModel.RateLimiting.Tests\NexusMods.DataModel.RateLimiting.Tests.csproj", "{1E5939B0-0C91-4074-94F6-A70F522B99B7}"
EndProject
Project("{FAE04EC0-301F-11D3-BF4B-00C04F79EFBC}") = "NexusMods.Games.DarkestDungeon", "src\Games\NexusMods.Games.DarkestDungeon\NexusMods.Games.DarkestDungeon.csproj", "{EDDDDE44-9059-4F05-83F4-D0C5D0AE2CC3}"
EndProject
Project("{FAE04EC0-301F-11D3-BF4B-00C04F79EFBC}") = "NexusMods.App.UI", "src\NexusMods.App.UI\NexusMods.App.UI.csproj", "{4767144A-0130-47F2-9940-5D68CCBEE241}"
EndProject
Project("{FAE04EC0-301F-11D3-BF4B-00C04F79EFBC}") = "NexusMods.UI.Theme", "src\NexusMods.UI.Theme\NexusMods.UI.Theme.csproj", "{43EE15F1-9C24-4F5D-A6FF-FC10C6183139}"
EndProject
Project("{FAE04EC0-301F-11D3-BF4B-00C04F79EFBC}") = "NexusMods.UI.Theme.Sandbox", "tests\NexusMods.UI.Theme.Sandbox\NexusMods.UI.Theme.Sandbox.csproj", "{6C3853FB-E904-418C-BA7B-4DC3100DB9F6}"
EndProject
Project("{FAE04EC0-301F-11D3-BF4B-00C04F79EFBC}") = "NexusMods.DataModel.Benchmarks", "benchmarks\NexusMods.DataModel.Benchmarks\NexusMods.DataModel.Benchmarks.csproj", "{F1103955-239B-41BF-A1C0-F30FFA8C64DF}"
EndProject
Project("{2150E333-8FDC-42A3-9474-1A3956D46DE8}") = "Benchmarks", "Benchmarks", "{98448149-E44A-42E5-852D-B12C9D8AAABD}"
EndProject
Project("{FAE04EC0-301F-11D3-BF4B-00C04F79EFBC}") = "NexusMods.Hashing.Benchmarks", "benchmarks\NexusMods.Hashing.Benchmarks\NexusMods.Hashing.Benchmarks.csproj", "{1246B763-46A5-4231-A7CF-C9F55BEEB045}"
EndProject
Project("{FAE04EC0-301F-11D3-BF4B-00C04F79EFBC}") = "NexusMods.StandardGameLocators.TestHelpers", "tests\NexusMods.StandardGameLocators.TestHelpers\NexusMods.StandardGameLocators.TestHelpers.csproj", "{846232AE-BDEA-4673-918E-A2079D4E78E0}"
EndProject
Project("{2150E333-8FDC-42A3-9474-1A3956D46DE8}") = "Networking", "Networking", "{CE2EFB0A-22CA-4F3F-B6AB-9E264FD4C4E7}"
EndProject
Project("{FAE04EC0-301F-11D3-BF4B-00C04F79EFBC}") = "NexusMods.Networking.NexusWebApi", "src\Networking\NexusMods.Networking.NexusWebApi\NexusMods.Networking.NexusWebApi.csproj", "{31ABE512-38F8-410E-A5A4-364C995413F7}"
EndProject
Project("{FAE04EC0-301F-11D3-BF4B-00C04F79EFBC}") = "NexusMods.Networking.HttpDownloader", "src\Networking\NexusMods.Networking.HttpDownloader\NexusMods.Networking.HttpDownloader.csproj", "{41A7AD76-4800-4B43-B314-5DD1A767CB19}"
EndProject
Project("{FAE04EC0-301F-11D3-BF4B-00C04F79EFBC}") = "NexusMods.Networking.HttpDownloader.Tests", "tests\Networking\NexusMods.Networking.HttpDownloader.Tests\NexusMods.Networking.HttpDownloader.Tests.csproj", "{64F63ED1-DC6D-483A-BBAA-24A0BE340043}"
EndProject
Project("{FAE04EC0-301F-11D3-BF4B-00C04F79EFBC}") = "NexusMods.Networking.NexusWebApi.Tests", "tests\Networking\NexusMods.Networking.NexusWebApi.Tests\NexusMods.Networking.NexusWebApi.Tests.csproj", "{1D2258DF-12C5-454D-9E30-6B2ECABD9E56}"
EndProject
Global
	GlobalSection(SolutionConfigurationPlatforms) = preSolution
		Debug|Any CPU = Debug|Any CPU
		Release|Any CPU = Release|Any CPU
	EndGlobalSection
	GlobalSection(ProjectConfigurationPlatforms) = postSolution
		{9025900A-5342-4EB3-97C8-A9F067929879}.Debug|Any CPU.ActiveCfg = Debug|Any CPU
		{9025900A-5342-4EB3-97C8-A9F067929879}.Debug|Any CPU.Build.0 = Debug|Any CPU
		{9025900A-5342-4EB3-97C8-A9F067929879}.Release|Any CPU.ActiveCfg = Release|Any CPU
		{9025900A-5342-4EB3-97C8-A9F067929879}.Release|Any CPU.Build.0 = Release|Any CPU
		{1636CC83-8738-46ED-A688-D6AC2A55FEB5}.Debug|Any CPU.ActiveCfg = Debug|Any CPU
		{1636CC83-8738-46ED-A688-D6AC2A55FEB5}.Debug|Any CPU.Build.0 = Debug|Any CPU
		{1636CC83-8738-46ED-A688-D6AC2A55FEB5}.Release|Any CPU.ActiveCfg = Release|Any CPU
		{1636CC83-8738-46ED-A688-D6AC2A55FEB5}.Release|Any CPU.Build.0 = Release|Any CPU
		{BB552259-24B0-4166-8A67-5649CE42BE83}.Debug|Any CPU.ActiveCfg = Debug|Any CPU
		{BB552259-24B0-4166-8A67-5649CE42BE83}.Debug|Any CPU.Build.0 = Debug|Any CPU
		{BB552259-24B0-4166-8A67-5649CE42BE83}.Release|Any CPU.ActiveCfg = Release|Any CPU
		{BB552259-24B0-4166-8A67-5649CE42BE83}.Release|Any CPU.Build.0 = Release|Any CPU
		{4FD95FB7-BD1D-4D79-90F8-9980DE5D6C28}.Debug|Any CPU.ActiveCfg = Debug|Any CPU
		{4FD95FB7-BD1D-4D79-90F8-9980DE5D6C28}.Debug|Any CPU.Build.0 = Debug|Any CPU
		{4FD95FB7-BD1D-4D79-90F8-9980DE5D6C28}.Release|Any CPU.ActiveCfg = Release|Any CPU
		{4FD95FB7-BD1D-4D79-90F8-9980DE5D6C28}.Release|Any CPU.Build.0 = Release|Any CPU
		{5038CF21-CE33-45F0-8C6F-D06D20D604F3}.Debug|Any CPU.ActiveCfg = Debug|Any CPU
		{5038CF21-CE33-45F0-8C6F-D06D20D604F3}.Debug|Any CPU.Build.0 = Debug|Any CPU
		{5038CF21-CE33-45F0-8C6F-D06D20D604F3}.Release|Any CPU.ActiveCfg = Release|Any CPU
		{5038CF21-CE33-45F0-8C6F-D06D20D604F3}.Release|Any CPU.Build.0 = Release|Any CPU
		{DC3AE1FC-8E93-4F33-B937-C51C2F7C350F}.Debug|Any CPU.ActiveCfg = Debug|Any CPU
		{DC3AE1FC-8E93-4F33-B937-C51C2F7C350F}.Debug|Any CPU.Build.0 = Debug|Any CPU
		{DC3AE1FC-8E93-4F33-B937-C51C2F7C350F}.Release|Any CPU.ActiveCfg = Release|Any CPU
		{DC3AE1FC-8E93-4F33-B937-C51C2F7C350F}.Release|Any CPU.Build.0 = Release|Any CPU
		{D66C4BA1-C129-4DC1-954E-6D9E0B9CB691}.Debug|Any CPU.ActiveCfg = Debug|Any CPU
		{D66C4BA1-C129-4DC1-954E-6D9E0B9CB691}.Debug|Any CPU.Build.0 = Debug|Any CPU
		{D66C4BA1-C129-4DC1-954E-6D9E0B9CB691}.Release|Any CPU.ActiveCfg = Release|Any CPU
		{D66C4BA1-C129-4DC1-954E-6D9E0B9CB691}.Release|Any CPU.Build.0 = Release|Any CPU
		{60CAA464-4106-4A29-81ED-3C72AFB1B0B2}.Debug|Any CPU.ActiveCfg = Debug|Any CPU
		{60CAA464-4106-4A29-81ED-3C72AFB1B0B2}.Debug|Any CPU.Build.0 = Debug|Any CPU
		{60CAA464-4106-4A29-81ED-3C72AFB1B0B2}.Release|Any CPU.ActiveCfg = Release|Any CPU
		{60CAA464-4106-4A29-81ED-3C72AFB1B0B2}.Release|Any CPU.Build.0 = Release|Any CPU
		{A4B8AD2F-BCF9-4139-8F0C-36B528FDBF66}.Debug|Any CPU.ActiveCfg = Debug|Any CPU
		{A4B8AD2F-BCF9-4139-8F0C-36B528FDBF66}.Debug|Any CPU.Build.0 = Debug|Any CPU
		{A4B8AD2F-BCF9-4139-8F0C-36B528FDBF66}.Release|Any CPU.ActiveCfg = Release|Any CPU
		{A4B8AD2F-BCF9-4139-8F0C-36B528FDBF66}.Release|Any CPU.Build.0 = Release|Any CPU
		{5515C2D5-B9DD-4A58-BB53-0BD34259347D}.Debug|Any CPU.ActiveCfg = Debug|Any CPU
		{5515C2D5-B9DD-4A58-BB53-0BD34259347D}.Debug|Any CPU.Build.0 = Debug|Any CPU
		{5515C2D5-B9DD-4A58-BB53-0BD34259347D}.Release|Any CPU.ActiveCfg = Release|Any CPU
		{5515C2D5-B9DD-4A58-BB53-0BD34259347D}.Release|Any CPU.Build.0 = Release|Any CPU
		{B4CA4927-6FFA-422B-8E54-413ECFCD6C39}.Debug|Any CPU.ActiveCfg = Debug|Any CPU
		{B4CA4927-6FFA-422B-8E54-413ECFCD6C39}.Debug|Any CPU.Build.0 = Debug|Any CPU
		{B4CA4927-6FFA-422B-8E54-413ECFCD6C39}.Release|Any CPU.ActiveCfg = Release|Any CPU
		{B4CA4927-6FFA-422B-8E54-413ECFCD6C39}.Release|Any CPU.Build.0 = Release|Any CPU
		{8C495B2A-E2D5-49C1-BE93-B2B0A8F7BB0D}.Debug|Any CPU.ActiveCfg = Debug|Any CPU
		{8C495B2A-E2D5-49C1-BE93-B2B0A8F7BB0D}.Debug|Any CPU.Build.0 = Debug|Any CPU
		{8C495B2A-E2D5-49C1-BE93-B2B0A8F7BB0D}.Release|Any CPU.ActiveCfg = Release|Any CPU
		{8C495B2A-E2D5-49C1-BE93-B2B0A8F7BB0D}.Release|Any CPU.Build.0 = Release|Any CPU
		{3D21A286-CADC-40CF-AF29-790DAAD4363A}.Debug|Any CPU.ActiveCfg = Debug|Any CPU
		{3D21A286-CADC-40CF-AF29-790DAAD4363A}.Debug|Any CPU.Build.0 = Debug|Any CPU
		{3D21A286-CADC-40CF-AF29-790DAAD4363A}.Release|Any CPU.ActiveCfg = Release|Any CPU
		{3D21A286-CADC-40CF-AF29-790DAAD4363A}.Release|Any CPU.Build.0 = Release|Any CPU
		{9F803B18-7365-418E-9873-414383CD820B}.Debug|Any CPU.ActiveCfg = Debug|Any CPU
		{9F803B18-7365-418E-9873-414383CD820B}.Debug|Any CPU.Build.0 = Debug|Any CPU
		{9F803B18-7365-418E-9873-414383CD820B}.Release|Any CPU.ActiveCfg = Release|Any CPU
		{9F803B18-7365-418E-9873-414383CD820B}.Release|Any CPU.Build.0 = Release|Any CPU
		{83B2A024-0218-4F65-B75B-0102DAF38443}.Debug|Any CPU.ActiveCfg = Debug|Any CPU
		{83B2A024-0218-4F65-B75B-0102DAF38443}.Debug|Any CPU.Build.0 = Debug|Any CPU
		{83B2A024-0218-4F65-B75B-0102DAF38443}.Release|Any CPU.ActiveCfg = Release|Any CPU
		{83B2A024-0218-4F65-B75B-0102DAF38443}.Release|Any CPU.Build.0 = Release|Any CPU
		{0D787AA6-2431-40D3-AB64-20B81DC137DB}.Debug|Any CPU.ActiveCfg = Debug|Any CPU
		{0D787AA6-2431-40D3-AB64-20B81DC137DB}.Debug|Any CPU.Build.0 = Debug|Any CPU
		{0D787AA6-2431-40D3-AB64-20B81DC137DB}.Release|Any CPU.ActiveCfg = Release|Any CPU
		{0D787AA6-2431-40D3-AB64-20B81DC137DB}.Release|Any CPU.Build.0 = Release|Any CPU
		{78B79659-4A68-4E92-8765-E6570916792F}.Debug|Any CPU.ActiveCfg = Debug|Any CPU
		{78B79659-4A68-4E92-8765-E6570916792F}.Debug|Any CPU.Build.0 = Debug|Any CPU
		{78B79659-4A68-4E92-8765-E6570916792F}.Release|Any CPU.ActiveCfg = Release|Any CPU
		{78B79659-4A68-4E92-8765-E6570916792F}.Release|Any CPU.Build.0 = Release|Any CPU
		{AB2AD95A-17AA-473B-8E1C-02ACED2F8520}.Debug|Any CPU.ActiveCfg = Debug|Any CPU
		{AB2AD95A-17AA-473B-8E1C-02ACED2F8520}.Debug|Any CPU.Build.0 = Debug|Any CPU
		{AB2AD95A-17AA-473B-8E1C-02ACED2F8520}.Release|Any CPU.ActiveCfg = Release|Any CPU
		{AB2AD95A-17AA-473B-8E1C-02ACED2F8520}.Release|Any CPU.Build.0 = Release|Any CPU
		{1E5939B0-0C91-4074-94F6-A70F522B99B7}.Debug|Any CPU.ActiveCfg = Debug|Any CPU
		{1E5939B0-0C91-4074-94F6-A70F522B99B7}.Debug|Any CPU.Build.0 = Debug|Any CPU
		{1E5939B0-0C91-4074-94F6-A70F522B99B7}.Release|Any CPU.ActiveCfg = Release|Any CPU
		{1E5939B0-0C91-4074-94F6-A70F522B99B7}.Release|Any CPU.Build.0 = Release|Any CPU
		{EDDDDE44-9059-4F05-83F4-D0C5D0AE2CC3}.Debug|Any CPU.ActiveCfg = Debug|Any CPU
		{EDDDDE44-9059-4F05-83F4-D0C5D0AE2CC3}.Debug|Any CPU.Build.0 = Debug|Any CPU
		{EDDDDE44-9059-4F05-83F4-D0C5D0AE2CC3}.Release|Any CPU.ActiveCfg = Release|Any CPU
		{EDDDDE44-9059-4F05-83F4-D0C5D0AE2CC3}.Release|Any CPU.Build.0 = Release|Any CPU
		{4767144A-0130-47F2-9940-5D68CCBEE241}.Debug|Any CPU.ActiveCfg = Debug|Any CPU
		{4767144A-0130-47F2-9940-5D68CCBEE241}.Debug|Any CPU.Build.0 = Debug|Any CPU
		{4767144A-0130-47F2-9940-5D68CCBEE241}.Release|Any CPU.ActiveCfg = Release|Any CPU
		{4767144A-0130-47F2-9940-5D68CCBEE241}.Release|Any CPU.Build.0 = Release|Any CPU
		{43EE15F1-9C24-4F5D-A6FF-FC10C6183139}.Debug|Any CPU.ActiveCfg = Debug|Any CPU
		{43EE15F1-9C24-4F5D-A6FF-FC10C6183139}.Debug|Any CPU.Build.0 = Debug|Any CPU
		{43EE15F1-9C24-4F5D-A6FF-FC10C6183139}.Release|Any CPU.ActiveCfg = Release|Any CPU
		{43EE15F1-9C24-4F5D-A6FF-FC10C6183139}.Release|Any CPU.Build.0 = Release|Any CPU
		{6C3853FB-E904-418C-BA7B-4DC3100DB9F6}.Debug|Any CPU.ActiveCfg = Debug|Any CPU
		{6C3853FB-E904-418C-BA7B-4DC3100DB9F6}.Debug|Any CPU.Build.0 = Debug|Any CPU
		{6C3853FB-E904-418C-BA7B-4DC3100DB9F6}.Release|Any CPU.ActiveCfg = Release|Any CPU
		{6C3853FB-E904-418C-BA7B-4DC3100DB9F6}.Release|Any CPU.Build.0 = Release|Any CPU
		{F1103955-239B-41BF-A1C0-F30FFA8C64DF}.Debug|Any CPU.ActiveCfg = Debug|Any CPU
		{F1103955-239B-41BF-A1C0-F30FFA8C64DF}.Debug|Any CPU.Build.0 = Debug|Any CPU
		{F1103955-239B-41BF-A1C0-F30FFA8C64DF}.Release|Any CPU.ActiveCfg = Release|Any CPU
		{F1103955-239B-41BF-A1C0-F30FFA8C64DF}.Release|Any CPU.Build.0 = Release|Any CPU
		{1246B763-46A5-4231-A7CF-C9F55BEEB045}.Debug|Any CPU.ActiveCfg = Debug|Any CPU
		{1246B763-46A5-4231-A7CF-C9F55BEEB045}.Debug|Any CPU.Build.0 = Debug|Any CPU
		{1246B763-46A5-4231-A7CF-C9F55BEEB045}.Release|Any CPU.ActiveCfg = Release|Any CPU
		{1246B763-46A5-4231-A7CF-C9F55BEEB045}.Release|Any CPU.Build.0 = Release|Any CPU
		{846232AE-BDEA-4673-918E-A2079D4E78E0}.Debug|Any CPU.ActiveCfg = Debug|Any CPU
		{846232AE-BDEA-4673-918E-A2079D4E78E0}.Debug|Any CPU.Build.0 = Debug|Any CPU
		{846232AE-BDEA-4673-918E-A2079D4E78E0}.Release|Any CPU.ActiveCfg = Release|Any CPU
		{846232AE-BDEA-4673-918E-A2079D4E78E0}.Release|Any CPU.Build.0 = Release|Any CPU
		{31ABE512-38F8-410E-A5A4-364C995413F7}.Debug|Any CPU.ActiveCfg = Debug|Any CPU
		{31ABE512-38F8-410E-A5A4-364C995413F7}.Debug|Any CPU.Build.0 = Debug|Any CPU
		{31ABE512-38F8-410E-A5A4-364C995413F7}.Release|Any CPU.ActiveCfg = Release|Any CPU
		{31ABE512-38F8-410E-A5A4-364C995413F7}.Release|Any CPU.Build.0 = Release|Any CPU
		{41A7AD76-4800-4B43-B314-5DD1A767CB19}.Debug|Any CPU.ActiveCfg = Debug|Any CPU
		{41A7AD76-4800-4B43-B314-5DD1A767CB19}.Debug|Any CPU.Build.0 = Debug|Any CPU
		{41A7AD76-4800-4B43-B314-5DD1A767CB19}.Release|Any CPU.ActiveCfg = Release|Any CPU
		{41A7AD76-4800-4B43-B314-5DD1A767CB19}.Release|Any CPU.Build.0 = Release|Any CPU
		{64F63ED1-DC6D-483A-BBAA-24A0BE340043}.Debug|Any CPU.ActiveCfg = Debug|Any CPU
		{64F63ED1-DC6D-483A-BBAA-24A0BE340043}.Debug|Any CPU.Build.0 = Debug|Any CPU
		{64F63ED1-DC6D-483A-BBAA-24A0BE340043}.Release|Any CPU.ActiveCfg = Release|Any CPU
		{64F63ED1-DC6D-483A-BBAA-24A0BE340043}.Release|Any CPU.Build.0 = Release|Any CPU
		{1D2258DF-12C5-454D-9E30-6B2ECABD9E56}.Debug|Any CPU.ActiveCfg = Debug|Any CPU
		{1D2258DF-12C5-454D-9E30-6B2ECABD9E56}.Debug|Any CPU.Build.0 = Debug|Any CPU
		{1D2258DF-12C5-454D-9E30-6B2ECABD9E56}.Release|Any CPU.ActiveCfg = Release|Any CPU
		{1D2258DF-12C5-454D-9E30-6B2ECABD9E56}.Release|Any CPU.Build.0 = Release|Any CPU
	EndGlobalSection
	GlobalSection(NestedProjects) = preSolution
		{9025900A-5342-4EB3-97C8-A9F067929879} = {B93AF89E-9ED7-4FD0-B58E-688AA178AB53}
		{1636CC83-8738-46ED-A688-D6AC2A55FEB5} = {B93AF89E-9ED7-4FD0-B58E-688AA178AB53}
		{BB552259-24B0-4166-8A67-5649CE42BE83} = {954D1870-EE4B-4EC3-84AC-292C300461F0}
		{4FD95FB7-BD1D-4D79-90F8-9980DE5D6C28} = {954D1870-EE4B-4EC3-84AC-292C300461F0}
		{5038CF21-CE33-45F0-8C6F-D06D20D604F3} = {B95A2142-2872-4FFD-BAB2-596373401461}
		{DC3AE1FC-8E93-4F33-B937-C51C2F7C350F} = {B95A2142-2872-4FFD-BAB2-596373401461}
		{3D21A286-CADC-40CF-AF29-790DAAD4363A} = {0D0CB8DD-34FE-42C0-9B53-4E27330F63D1}
		{B4CA4927-6FFA-422B-8E54-413ECFCD6C39} = {0D0CB8DD-34FE-42C0-9B53-4E27330F63D1}
		{9F803B18-7365-418E-9873-414383CD820B} = {0D0CB8DD-34FE-42C0-9B53-4E27330F63D1}
		{5515C2D5-B9DD-4A58-BB53-0BD34259347D} = {0D0CB8DD-34FE-42C0-9B53-4E27330F63D1}
		{8C495B2A-E2D5-49C1-BE93-B2B0A8F7BB0D} = {0D0CB8DD-34FE-42C0-9B53-4E27330F63D1}
		{83B2A024-0218-4F65-B75B-0102DAF38443} = {35108C59-903B-4DE2-8EB7-38797FB43716}
		{0D787AA6-2431-40D3-AB64-20B81DC137DB} = {35108C59-903B-4DE2-8EB7-38797FB43716}
		{AB2AD95A-17AA-473B-8E1C-02ACED2F8520} = {35108C59-903B-4DE2-8EB7-38797FB43716}
		{1E5939B0-0C91-4074-94F6-A70F522B99B7} = {0D0CB8DD-34FE-42C0-9B53-4E27330F63D1}
		{EDDDDE44-9059-4F05-83F4-D0C5D0AE2CC3} = {B95A2142-2872-4FFD-BAB2-596373401461}
		{F1103955-239B-41BF-A1C0-F30FFA8C64DF} = {98448149-E44A-42E5-852D-B12C9D8AAABD}
		{1246B763-46A5-4231-A7CF-C9F55BEEB045} = {98448149-E44A-42E5-852D-B12C9D8AAABD}
		{846232AE-BDEA-4673-918E-A2079D4E78E0} = {954D1870-EE4B-4EC3-84AC-292C300461F0}
		{31ABE512-38F8-410E-A5A4-364C995413F7} = {CE2EFB0A-22CA-4F3F-B6AB-9E264FD4C4E7}
		{41A7AD76-4800-4B43-B314-5DD1A767CB19} = {CE2EFB0A-22CA-4F3F-B6AB-9E264FD4C4E7}
		{64F63ED1-DC6D-483A-BBAA-24A0BE340043} = {CE2EFB0A-22CA-4F3F-B6AB-9E264FD4C4E7}
		{1D2258DF-12C5-454D-9E30-6B2ECABD9E56} = {CE2EFB0A-22CA-4F3F-B6AB-9E264FD4C4E7}
	EndGlobalSection
EndGlobal
