
Microsoft Visual Studio Solution File, Format Version 12.00
# Visual Studio Version 17
VisualStudioVersion = 17.5.002.0
MinimumVisualStudioVersion = 10.0.40219.1
Project("{9A19103F-16F7-4668-BE54-9A1E7A4F7556}") = "NexusMods.App.UI", "NexusMods.App.UI\NexusMods.App.UI.csproj", "{E053F399-3BF6-4CDA-92C1-DF8EA89B2AD5}"
EndProject
Project("{9A19103F-16F7-4668-BE54-9A1E7A4F7556}") = "NexusMods.App", "NexusMods.App\NexusMods.App.csproj", "{5DEF0940-5AEA-45A8-B49B-CA5C805111C8}"
EndProject
Project("{9A19103F-16F7-4668-BE54-9A1E7A4F7556}") = "NexusMods.CLI", "NexusMods.CLI\NexusMods.CLI.csproj", "{724771FB-3CF1-40CD-BA7E-26EB14DC28E5}"
EndProject
Project("{9A19103F-16F7-4668-BE54-9A1E7A4F7556}") = "NexusMods.Common", "NexusMods.Common\NexusMods.Common.csproj", "{449B38D2-A1C5-44B0-9070-EDC6107162B1}"
EndProject
Project("{9A19103F-16F7-4668-BE54-9A1E7A4F7556}") = "NexusMods.StandardGameLocators", "NexusMods.StandardGameLocators\NexusMods.StandardGameLocators.csproj", "{CA8900B7-C908-4C45-9AD3-F0FECCE28E6F}"
EndProject
Project("{9A19103F-16F7-4668-BE54-9A1E7A4F7556}") = "NexusMods.Abstractions", "NexusMods.Abstractions\NexusMods.Abstractions.csproj", "{A7C831CE-4F82-4297-9694-85A6A1A993C6}"
EndProject
Project("{9A19103F-16F7-4668-BE54-9A1E7A4F7556}") = "NexusMods.DataModel", "NexusMods.DataModel\NexusMods.DataModel.csproj", "{026D86E2-0A00-45AF-9985-66546004A50A}"
EndProject
Project("{2150E333-8FDC-42A3-9474-1A3956D46DE8}") = "ArchiveManagement", "ArchiveManagement", "{1BD512EF-FC33-408C-83F2-6A32F67A1FF1}"
EndProject
Project("{9A19103F-16F7-4668-BE54-9A1E7A4F7556}") = "NexusMods.FileExtractor", "ArchiveManagement\NexusMods.FileExtractor\NexusMods.FileExtractor.csproj", "{D133F5C9-575A-4C97-906A-F534F88099D0}"
EndProject
Project("{2150E333-8FDC-42A3-9474-1A3956D46DE8}") = "Games", "Games", "{410FDB03-DBF2-4158-8AE5-DB1FED3C0908}"
EndProject
Project("{9A19103F-16F7-4668-BE54-9A1E7A4F7556}") = "NexusMods.Games.BethesdaGameStudios", "Games\NexusMods.Games.BethesdaGameStudios\NexusMods.Games.BethesdaGameStudios.csproj", "{BF33B7B4-41A7-4636-8B41-C5C1CBF62F76}"
EndProject
Project("{9A19103F-16F7-4668-BE54-9A1E7A4F7556}") = "NexusMods.Games.DarkestDungeon", "Games\NexusMods.Games.DarkestDungeon\NexusMods.Games.DarkestDungeon.csproj", "{BD2B82C3-3D5B-4EBE-A992-6796ED65C54C}"
EndProject
Project("{9A19103F-16F7-4668-BE54-9A1E7A4F7556}") = "NexusMods.Games.FOMOD", "Games\NexusMods.Games.FOMOD\NexusMods.Games.FOMOD.csproj", "{A2EDACB6-1F54-4ADE-935C-97A456B4F24F}"
EndProject
Project("{9A19103F-16F7-4668-BE54-9A1E7A4F7556}") = "NexusMods.Games.Generic", "Games\NexusMods.Games.Generic\NexusMods.Games.Generic.csproj", "{E57843B1-FEAC-4082-B8BA-A9093D7864F8}"
EndProject
Project("{9A19103F-16F7-4668-BE54-9A1E7A4F7556}") = "NexusMods.Games.RedEngine", "Games\NexusMods.Games.RedEngine\NexusMods.Games.RedEngine.csproj", "{CF716B81-9D89-4A10-8513-1E4315EDDF5C}"
EndProject
Project("{9A19103F-16F7-4668-BE54-9A1E7A4F7556}") = "NexusMods.Games.Reshade", "Games\NexusMods.Games.Reshade\NexusMods.Games.Reshade.csproj", "{400832D8-DB14-463C-BCAA-1A68F2B7A933}"
EndProject
Project("{9A19103F-16F7-4668-BE54-9A1E7A4F7556}") = "NexusMods.Games.Sifu", "Games\NexusMods.Games.Sifu\NexusMods.Games.Sifu.csproj", "{207D9726-8C0B-4259-9630-E75F1D464F5B}"
EndProject
Project("{9A19103F-16F7-4668-BE54-9A1E7A4F7556}") = "NexusMods.Games.StardewValley", "Games\NexusMods.Games.StardewValley\NexusMods.Games.StardewValley.csproj", "{89B40BCA-7E78-4765-9D7F-8CCF2E73F7A3}"
EndProject
Project("{9A19103F-16F7-4668-BE54-9A1E7A4F7556}") = "NexusMods.Games.TestHarness", "Games\NexusMods.Games.TestHarness\NexusMods.Games.TestHarness.csproj", "{DBA7427C-3F7F-4658-9556-D4C7A4A34A48}"
EndProject
Project("{9A19103F-16F7-4668-BE54-9A1E7A4F7556}") = "NexusMods.Games.FOMOD.UI", "Games\NexusMods.Games.FOMOD.UI\NexusMods.Games.FOMOD.UI.csproj", "{32CC75BC-07E2-405E-B593-638477C0E078}"
EndProject
Project("{9A19103F-16F7-4668-BE54-9A1E7A4F7556}") = "NexusMods.Games.AdvancedInstaller", "Games\NexusMods.Games.AdvancedInstaller\NexusMods.Games.AdvancedInstaller.csproj", "{022C7370-D210-4914-A328-79FDD4165491}"
EndProject
Project("{9A19103F-16F7-4668-BE54-9A1E7A4F7556}") = "NexusMods.Games.AdvancedInstaller.UI", "Games\NexusMods.Games.AdvancedInstaller.UI\NexusMods.Games.AdvancedInstaller.UI.csproj", "{8B5F2027-105E-4670-9FDE-FDE4B6E88102}"
EndProject
Project("{9A19103F-16F7-4668-BE54-9A1E7A4F7556}") = "NexusMods.Games.BladeAndSorcery", "Games\NexusMods.Games.BladeAndSorcery\NexusMods.Games.BladeAndSorcery.csproj", "{681EF994-CAEB-418D-BD92-A42DD57ED27F}"
EndProject
Project("{9A19103F-16F7-4668-BE54-9A1E7A4F7556}") = "NexusMods.Games.MountAndBlade2Bannerlord", "Games\NexusMods.Games.MountAndBlade2Bannerlord\NexusMods.Games.MountAndBlade2Bannerlord.csproj", "{99FBBB3E-7BE6-450A-B61A-A08E4818AF30}"
EndProject
Project("{2150E333-8FDC-42A3-9474-1A3956D46DE8}") = "Networking", "Networking", "{7C9552A5-7969-42A0-B8BA-64993C77D873}"
EndProject
Project("{9A19103F-16F7-4668-BE54-9A1E7A4F7556}") = "NexusMods.Networking.HttpDownloader", "Networking\NexusMods.Networking.HttpDownloader\NexusMods.Networking.HttpDownloader.csproj", "{BE2A4360-1235-4120-B408-4DE2D7306B6F}"
EndProject
Project("{9A19103F-16F7-4668-BE54-9A1E7A4F7556}") = "NexusMods.Networking.NexusWebApi.NMA", "Networking\NexusMods.Networking.NexusWebApi.NMA\NexusMods.Networking.NexusWebApi.NMA.csproj", "{C058E20D-864A-448D-9D7B-286387481795}"
EndProject
Project("{9A19103F-16F7-4668-BE54-9A1E7A4F7556}") = "NexusMods.Networking.NexusWebApi", "Networking\NexusMods.Networking.NexusWebApi\NexusMods.Networking.NexusWebApi.csproj", "{64B85A26-E3E8-429B-8980-6EC90C69BAD1}"
EndProject
Project("{9A19103F-16F7-4668-BE54-9A1E7A4F7556}") = "NexusMods.Networking.Downloaders", "Networking\NexusMods.Networking.Downloaders\NexusMods.Networking.Downloaders.csproj", "{805CF8B7-8A5A-4529-8160-D1BD2CC1CC52}"
EndProject
Project("{2150E333-8FDC-42A3-9474-1A3956D46DE8}") = "Abstractions", "Abstractions", "{0E9CFD76-1639-4E8E-A5DE-37A09DCFCB03}"
EndProject
Project("{9A19103F-16F7-4668-BE54-9A1E7A4F7556}") = "NexusMods.Abstractions.IO", "Abstractions\NexusMods.Abstractions.IO\NexusMods.Abstractions.IO.csproj", "{969B6635-93F2-485E-AFE0-5EE110B714A3}"
EndProject
Project("{9A19103F-16F7-4668-BE54-9A1E7A4F7556}") = "NexusMods.Abstractions.Games", "Abstractions\NexusMods.Abstractions.Games\NexusMods.Abstractions.Games.csproj", "{F5079039-8E8E-4535-A631-34526EBFB49F}"
EndProject
Global
	GlobalSection(SolutionConfigurationPlatforms) = preSolution
		Debug|Any CPU = Debug|Any CPU
		Release|Any CPU = Release|Any CPU
	EndGlobalSection
	GlobalSection(ProjectConfigurationPlatforms) = postSolution
		{E053F399-3BF6-4CDA-92C1-DF8EA89B2AD5}.Debug|Any CPU.ActiveCfg = Debug|Any CPU
		{E053F399-3BF6-4CDA-92C1-DF8EA89B2AD5}.Debug|Any CPU.Build.0 = Debug|Any CPU
		{E053F399-3BF6-4CDA-92C1-DF8EA89B2AD5}.Release|Any CPU.ActiveCfg = Release|Any CPU
		{E053F399-3BF6-4CDA-92C1-DF8EA89B2AD5}.Release|Any CPU.Build.0 = Release|Any CPU
		{5DEF0940-5AEA-45A8-B49B-CA5C805111C8}.Debug|Any CPU.ActiveCfg = Debug|Any CPU
		{5DEF0940-5AEA-45A8-B49B-CA5C805111C8}.Debug|Any CPU.Build.0 = Debug|Any CPU
		{5DEF0940-5AEA-45A8-B49B-CA5C805111C8}.Release|Any CPU.ActiveCfg = Release|Any CPU
		{5DEF0940-5AEA-45A8-B49B-CA5C805111C8}.Release|Any CPU.Build.0 = Release|Any CPU
		{724771FB-3CF1-40CD-BA7E-26EB14DC28E5}.Debug|Any CPU.ActiveCfg = Debug|Any CPU
		{724771FB-3CF1-40CD-BA7E-26EB14DC28E5}.Debug|Any CPU.Build.0 = Debug|Any CPU
		{724771FB-3CF1-40CD-BA7E-26EB14DC28E5}.Release|Any CPU.ActiveCfg = Release|Any CPU
		{724771FB-3CF1-40CD-BA7E-26EB14DC28E5}.Release|Any CPU.Build.0 = Release|Any CPU
		{449B38D2-A1C5-44B0-9070-EDC6107162B1}.Debug|Any CPU.ActiveCfg = Debug|Any CPU
		{449B38D2-A1C5-44B0-9070-EDC6107162B1}.Debug|Any CPU.Build.0 = Debug|Any CPU
		{449B38D2-A1C5-44B0-9070-EDC6107162B1}.Release|Any CPU.ActiveCfg = Release|Any CPU
		{449B38D2-A1C5-44B0-9070-EDC6107162B1}.Release|Any CPU.Build.0 = Release|Any CPU
		{CA8900B7-C908-4C45-9AD3-F0FECCE28E6F}.Debug|Any CPU.ActiveCfg = Debug|Any CPU
		{CA8900B7-C908-4C45-9AD3-F0FECCE28E6F}.Debug|Any CPU.Build.0 = Debug|Any CPU
		{CA8900B7-C908-4C45-9AD3-F0FECCE28E6F}.Release|Any CPU.ActiveCfg = Release|Any CPU
		{CA8900B7-C908-4C45-9AD3-F0FECCE28E6F}.Release|Any CPU.Build.0 = Release|Any CPU
		{A7C831CE-4F82-4297-9694-85A6A1A993C6}.Debug|Any CPU.ActiveCfg = Debug|Any CPU
		{A7C831CE-4F82-4297-9694-85A6A1A993C6}.Debug|Any CPU.Build.0 = Debug|Any CPU
		{A7C831CE-4F82-4297-9694-85A6A1A993C6}.Release|Any CPU.ActiveCfg = Release|Any CPU
		{A7C831CE-4F82-4297-9694-85A6A1A993C6}.Release|Any CPU.Build.0 = Release|Any CPU
		{026D86E2-0A00-45AF-9985-66546004A50A}.Debug|Any CPU.ActiveCfg = Debug|Any CPU
		{026D86E2-0A00-45AF-9985-66546004A50A}.Debug|Any CPU.Build.0 = Debug|Any CPU
		{026D86E2-0A00-45AF-9985-66546004A50A}.Release|Any CPU.ActiveCfg = Release|Any CPU
		{026D86E2-0A00-45AF-9985-66546004A50A}.Release|Any CPU.Build.0 = Release|Any CPU
		{D133F5C9-575A-4C97-906A-F534F88099D0}.Debug|Any CPU.ActiveCfg = Debug|Any CPU
		{D133F5C9-575A-4C97-906A-F534F88099D0}.Debug|Any CPU.Build.0 = Debug|Any CPU
		{D133F5C9-575A-4C97-906A-F534F88099D0}.Release|Any CPU.ActiveCfg = Release|Any CPU
		{D133F5C9-575A-4C97-906A-F534F88099D0}.Release|Any CPU.Build.0 = Release|Any CPU
		{BF33B7B4-41A7-4636-8B41-C5C1CBF62F76}.Debug|Any CPU.ActiveCfg = Debug|Any CPU
		{BF33B7B4-41A7-4636-8B41-C5C1CBF62F76}.Debug|Any CPU.Build.0 = Debug|Any CPU
		{BF33B7B4-41A7-4636-8B41-C5C1CBF62F76}.Release|Any CPU.ActiveCfg = Release|Any CPU
		{BF33B7B4-41A7-4636-8B41-C5C1CBF62F76}.Release|Any CPU.Build.0 = Release|Any CPU
		{BD2B82C3-3D5B-4EBE-A992-6796ED65C54C}.Debug|Any CPU.ActiveCfg = Debug|Any CPU
		{BD2B82C3-3D5B-4EBE-A992-6796ED65C54C}.Debug|Any CPU.Build.0 = Debug|Any CPU
		{BD2B82C3-3D5B-4EBE-A992-6796ED65C54C}.Release|Any CPU.ActiveCfg = Release|Any CPU
		{BD2B82C3-3D5B-4EBE-A992-6796ED65C54C}.Release|Any CPU.Build.0 = Release|Any CPU
		{A2EDACB6-1F54-4ADE-935C-97A456B4F24F}.Debug|Any CPU.ActiveCfg = Debug|Any CPU
		{A2EDACB6-1F54-4ADE-935C-97A456B4F24F}.Debug|Any CPU.Build.0 = Debug|Any CPU
		{A2EDACB6-1F54-4ADE-935C-97A456B4F24F}.Release|Any CPU.ActiveCfg = Release|Any CPU
		{A2EDACB6-1F54-4ADE-935C-97A456B4F24F}.Release|Any CPU.Build.0 = Release|Any CPU
		{E57843B1-FEAC-4082-B8BA-A9093D7864F8}.Debug|Any CPU.ActiveCfg = Debug|Any CPU
		{E57843B1-FEAC-4082-B8BA-A9093D7864F8}.Debug|Any CPU.Build.0 = Debug|Any CPU
		{E57843B1-FEAC-4082-B8BA-A9093D7864F8}.Release|Any CPU.ActiveCfg = Release|Any CPU
		{E57843B1-FEAC-4082-B8BA-A9093D7864F8}.Release|Any CPU.Build.0 = Release|Any CPU
		{CF716B81-9D89-4A10-8513-1E4315EDDF5C}.Debug|Any CPU.ActiveCfg = Debug|Any CPU
		{CF716B81-9D89-4A10-8513-1E4315EDDF5C}.Debug|Any CPU.Build.0 = Debug|Any CPU
		{CF716B81-9D89-4A10-8513-1E4315EDDF5C}.Release|Any CPU.ActiveCfg = Release|Any CPU
		{CF716B81-9D89-4A10-8513-1E4315EDDF5C}.Release|Any CPU.Build.0 = Release|Any CPU
		{400832D8-DB14-463C-BCAA-1A68F2B7A933}.Debug|Any CPU.ActiveCfg = Debug|Any CPU
		{400832D8-DB14-463C-BCAA-1A68F2B7A933}.Debug|Any CPU.Build.0 = Debug|Any CPU
		{400832D8-DB14-463C-BCAA-1A68F2B7A933}.Release|Any CPU.ActiveCfg = Release|Any CPU
		{400832D8-DB14-463C-BCAA-1A68F2B7A933}.Release|Any CPU.Build.0 = Release|Any CPU
		{207D9726-8C0B-4259-9630-E75F1D464F5B}.Debug|Any CPU.ActiveCfg = Debug|Any CPU
		{207D9726-8C0B-4259-9630-E75F1D464F5B}.Debug|Any CPU.Build.0 = Debug|Any CPU
		{207D9726-8C0B-4259-9630-E75F1D464F5B}.Release|Any CPU.ActiveCfg = Release|Any CPU
		{207D9726-8C0B-4259-9630-E75F1D464F5B}.Release|Any CPU.Build.0 = Release|Any CPU
		{89B40BCA-7E78-4765-9D7F-8CCF2E73F7A3}.Debug|Any CPU.ActiveCfg = Debug|Any CPU
		{89B40BCA-7E78-4765-9D7F-8CCF2E73F7A3}.Debug|Any CPU.Build.0 = Debug|Any CPU
		{89B40BCA-7E78-4765-9D7F-8CCF2E73F7A3}.Release|Any CPU.ActiveCfg = Release|Any CPU
		{89B40BCA-7E78-4765-9D7F-8CCF2E73F7A3}.Release|Any CPU.Build.0 = Release|Any CPU
		{DBA7427C-3F7F-4658-9556-D4C7A4A34A48}.Debug|Any CPU.ActiveCfg = Debug|Any CPU
		{DBA7427C-3F7F-4658-9556-D4C7A4A34A48}.Debug|Any CPU.Build.0 = Debug|Any CPU
		{DBA7427C-3F7F-4658-9556-D4C7A4A34A48}.Release|Any CPU.ActiveCfg = Release|Any CPU
		{DBA7427C-3F7F-4658-9556-D4C7A4A34A48}.Release|Any CPU.Build.0 = Release|Any CPU
		{32CC75BC-07E2-405E-B593-638477C0E078}.Debug|Any CPU.ActiveCfg = Debug|Any CPU
		{32CC75BC-07E2-405E-B593-638477C0E078}.Debug|Any CPU.Build.0 = Debug|Any CPU
		{32CC75BC-07E2-405E-B593-638477C0E078}.Release|Any CPU.ActiveCfg = Release|Any CPU
		{32CC75BC-07E2-405E-B593-638477C0E078}.Release|Any CPU.Build.0 = Release|Any CPU
		{022C7370-D210-4914-A328-79FDD4165491}.Debug|Any CPU.ActiveCfg = Debug|Any CPU
		{022C7370-D210-4914-A328-79FDD4165491}.Debug|Any CPU.Build.0 = Debug|Any CPU
		{022C7370-D210-4914-A328-79FDD4165491}.Release|Any CPU.ActiveCfg = Release|Any CPU
		{022C7370-D210-4914-A328-79FDD4165491}.Release|Any CPU.Build.0 = Release|Any CPU
		{8B5F2027-105E-4670-9FDE-FDE4B6E88102}.Debug|Any CPU.ActiveCfg = Debug|Any CPU
		{8B5F2027-105E-4670-9FDE-FDE4B6E88102}.Debug|Any CPU.Build.0 = Debug|Any CPU
		{8B5F2027-105E-4670-9FDE-FDE4B6E88102}.Release|Any CPU.ActiveCfg = Release|Any CPU
		{8B5F2027-105E-4670-9FDE-FDE4B6E88102}.Release|Any CPU.Build.0 = Release|Any CPU
		{681EF994-CAEB-418D-BD92-A42DD57ED27F}.Debug|Any CPU.ActiveCfg = Debug|Any CPU
		{681EF994-CAEB-418D-BD92-A42DD57ED27F}.Debug|Any CPU.Build.0 = Debug|Any CPU
		{681EF994-CAEB-418D-BD92-A42DD57ED27F}.Release|Any CPU.ActiveCfg = Release|Any CPU
		{681EF994-CAEB-418D-BD92-A42DD57ED27F}.Release|Any CPU.Build.0 = Release|Any CPU
		{99FBBB3E-7BE6-450A-B61A-A08E4818AF30}.Debug|Any CPU.ActiveCfg = Debug|Any CPU
		{99FBBB3E-7BE6-450A-B61A-A08E4818AF30}.Debug|Any CPU.Build.0 = Debug|Any CPU
		{99FBBB3E-7BE6-450A-B61A-A08E4818AF30}.Release|Any CPU.ActiveCfg = Release|Any CPU
		{99FBBB3E-7BE6-450A-B61A-A08E4818AF30}.Release|Any CPU.Build.0 = Release|Any CPU
		{BE2A4360-1235-4120-B408-4DE2D7306B6F}.Debug|Any CPU.ActiveCfg = Debug|Any CPU
		{BE2A4360-1235-4120-B408-4DE2D7306B6F}.Debug|Any CPU.Build.0 = Debug|Any CPU
		{BE2A4360-1235-4120-B408-4DE2D7306B6F}.Release|Any CPU.ActiveCfg = Release|Any CPU
		{BE2A4360-1235-4120-B408-4DE2D7306B6F}.Release|Any CPU.Build.0 = Release|Any CPU
		{C058E20D-864A-448D-9D7B-286387481795}.Debug|Any CPU.ActiveCfg = Debug|Any CPU
		{C058E20D-864A-448D-9D7B-286387481795}.Debug|Any CPU.Build.0 = Debug|Any CPU
		{C058E20D-864A-448D-9D7B-286387481795}.Release|Any CPU.ActiveCfg = Release|Any CPU
		{C058E20D-864A-448D-9D7B-286387481795}.Release|Any CPU.Build.0 = Release|Any CPU
		{64B85A26-E3E8-429B-8980-6EC90C69BAD1}.Debug|Any CPU.ActiveCfg = Debug|Any CPU
		{64B85A26-E3E8-429B-8980-6EC90C69BAD1}.Debug|Any CPU.Build.0 = Debug|Any CPU
		{64B85A26-E3E8-429B-8980-6EC90C69BAD1}.Release|Any CPU.ActiveCfg = Release|Any CPU
		{64B85A26-E3E8-429B-8980-6EC90C69BAD1}.Release|Any CPU.Build.0 = Release|Any CPU
		{805CF8B7-8A5A-4529-8160-D1BD2CC1CC52}.Debug|Any CPU.ActiveCfg = Debug|Any CPU
		{805CF8B7-8A5A-4529-8160-D1BD2CC1CC52}.Debug|Any CPU.Build.0 = Debug|Any CPU
		{805CF8B7-8A5A-4529-8160-D1BD2CC1CC52}.Release|Any CPU.ActiveCfg = Release|Any CPU
		{805CF8B7-8A5A-4529-8160-D1BD2CC1CC52}.Release|Any CPU.Build.0 = Release|Any CPU
		{969B6635-93F2-485E-AFE0-5EE110B714A3}.Debug|Any CPU.ActiveCfg = Debug|Any CPU
		{969B6635-93F2-485E-AFE0-5EE110B714A3}.Debug|Any CPU.Build.0 = Debug|Any CPU
		{969B6635-93F2-485E-AFE0-5EE110B714A3}.Release|Any CPU.ActiveCfg = Release|Any CPU
		{969B6635-93F2-485E-AFE0-5EE110B714A3}.Release|Any CPU.Build.0 = Release|Any CPU
		{F5079039-8E8E-4535-A631-34526EBFB49F}.Debug|Any CPU.ActiveCfg = Debug|Any CPU
		{F5079039-8E8E-4535-A631-34526EBFB49F}.Debug|Any CPU.Build.0 = Debug|Any CPU
		{F5079039-8E8E-4535-A631-34526EBFB49F}.Release|Any CPU.ActiveCfg = Release|Any CPU
		{F5079039-8E8E-4535-A631-34526EBFB49F}.Release|Any CPU.Build.0 = Release|Any CPU
	EndGlobalSection
	GlobalSection(SolutionProperties) = preSolution
		HideSolutionNode = FALSE
	EndGlobalSection
	GlobalSection(NestedProjects) = preSolution
		{D133F5C9-575A-4C97-906A-F534F88099D0} = {1BD512EF-FC33-408C-83F2-6A32F67A1FF1}
		{BF33B7B4-41A7-4636-8B41-C5C1CBF62F76} = {410FDB03-DBF2-4158-8AE5-DB1FED3C0908}
		{BD2B82C3-3D5B-4EBE-A992-6796ED65C54C} = {410FDB03-DBF2-4158-8AE5-DB1FED3C0908}
		{A2EDACB6-1F54-4ADE-935C-97A456B4F24F} = {410FDB03-DBF2-4158-8AE5-DB1FED3C0908}
		{E57843B1-FEAC-4082-B8BA-A9093D7864F8} = {410FDB03-DBF2-4158-8AE5-DB1FED3C0908}
		{CF716B81-9D89-4A10-8513-1E4315EDDF5C} = {410FDB03-DBF2-4158-8AE5-DB1FED3C0908}
		{400832D8-DB14-463C-BCAA-1A68F2B7A933} = {410FDB03-DBF2-4158-8AE5-DB1FED3C0908}
		{207D9726-8C0B-4259-9630-E75F1D464F5B} = {410FDB03-DBF2-4158-8AE5-DB1FED3C0908}
		{89B40BCA-7E78-4765-9D7F-8CCF2E73F7A3} = {410FDB03-DBF2-4158-8AE5-DB1FED3C0908}
		{DBA7427C-3F7F-4658-9556-D4C7A4A34A48} = {410FDB03-DBF2-4158-8AE5-DB1FED3C0908}
		{32CC75BC-07E2-405E-B593-638477C0E078} = {410FDB03-DBF2-4158-8AE5-DB1FED3C0908}
		{022C7370-D210-4914-A328-79FDD4165491} = {410FDB03-DBF2-4158-8AE5-DB1FED3C0908}
		{8B5F2027-105E-4670-9FDE-FDE4B6E88102} = {410FDB03-DBF2-4158-8AE5-DB1FED3C0908}
		{681EF994-CAEB-418D-BD92-A42DD57ED27F} = {410FDB03-DBF2-4158-8AE5-DB1FED3C0908}
		{99FBBB3E-7BE6-450A-B61A-A08E4818AF30} = {410FDB03-DBF2-4158-8AE5-DB1FED3C0908}
		{BE2A4360-1235-4120-B408-4DE2D7306B6F} = {7C9552A5-7969-42A0-B8BA-64993C77D873}
		{C058E20D-864A-448D-9D7B-286387481795} = {7C9552A5-7969-42A0-B8BA-64993C77D873}
		{64B85A26-E3E8-429B-8980-6EC90C69BAD1} = {7C9552A5-7969-42A0-B8BA-64993C77D873}
		{805CF8B7-8A5A-4529-8160-D1BD2CC1CC52} = {7C9552A5-7969-42A0-B8BA-64993C77D873}
		{969B6635-93F2-485E-AFE0-5EE110B714A3} = {0E9CFD76-1639-4E8E-A5DE-37A09DCFCB03}
		{F5079039-8E8E-4535-A631-34526EBFB49F} = {0E9CFD76-1639-4E8E-A5DE-37A09DCFCB03}
	EndGlobalSection
	GlobalSection(ExtensibilityGlobals) = postSolution
		SolutionGuid = {AAC91CF0-2C11-430D-9891-272D9527AD81}
	EndGlobalSection
EndGlobal
